
Microsoft Visual Studio Solution File, Format Version 12.00
# Visual Studio 15
VisualStudioVersion = 15.0.26124.0
MinimumVisualStudioVersion = 15.0.26124.0
Project("{2150E333-8FDC-42A3-9474-1A3956D46DE8}") = "Plugins", "Plugins", "{3DC8B58B-49AE-4F17-A27B-91038FFC8AB9}"
EndProject
Project("{FAE04EC0-301F-11D3-BF4B-00C04F79EFBC}") = "Allograph", "Plugins\Allograph\Allograph.csproj", "{BBF0D545-D43A-467E-B82F-489F62509703}"
EndProject
Project("{FAE04EC0-301F-11D3-BF4B-00C04F79EFBC}") = "AlsoKnownAs", "Plugins\AlsoKnownAs\AlsoKnownAs.csproj", "{D7CE1C56-2895-4453-9589-3E0735A5406A}"
EndProject
Project("{FAE04EC0-301F-11D3-BF4B-00C04F79EFBC}") = "Belch", "Plugins\Belch\Belch.csproj", "{F3EF7279-E6EF-4236-AB3B-A3BEE23D6AC7}"
EndProject
Project("{FAE04EC0-301F-11D3-BF4B-00C04F79EFBC}") = "DasIstNenFehler", "Plugins\DasIstNenFehler\DasIstNenFehler.csproj", "{BF9A9BFB-4C5A-4D9B-9A02-25B74DDDE843}"
EndProject
Project("{FAE04EC0-301F-11D3-BF4B-00C04F79EFBC}") = "DatabaseNickMapping", "Plugins\DatabaseNickMapping\DatabaseNickMapping.csproj", "{7B216491-14C9-4B77-9C3D-E3C5D73CEE47}"
EndProject
Project("{FAE04EC0-301F-11D3-BF4B-00C04F79EFBC}") = "Dice", "Plugins\Dice\Dice.csproj", "{2223C40D-37A3-4A4A-944C-14AD69F00781}"
EndProject
Project("{FAE04EC0-301F-11D3-BF4B-00C04F79EFBC}") = "DontJustHighlightMe", "Plugins\DontJustHighlightMe\DontJustHighlightMe.csproj", "{91EEB8DA-863E-4388-AA3B-14625F1B5EBC}"
EndProject
Project("{FAE04EC0-301F-11D3-BF4B-00C04F79EFBC}") = "GroupPressure", "Plugins\GroupPressure\GroupPressure.csproj", "{1FD2C222-AF40-46EC-82CA-B5F354967E8D}"
EndProject
Project("{FAE04EC0-301F-11D3-BF4B-00C04F79EFBC}") = "IdentityNickMapping", "Plugins\IdentityNickMapping\IdentityNickMapping.csproj", "{62B1D723-5C77-4C99-93F9-0A85EE1BAC33}"
EndProject
Project("{FAE04EC0-301F-11D3-BF4B-00C04F79EFBC}") = "IKnewThat", "Plugins\IKnewThat\IKnewThat.csproj", "{0B9BB555-842E-43FB-AA7F-7E9920685E69}"
EndProject
Project("{FAE04EC0-301F-11D3-BF4B-00C04F79EFBC}") = "LinkInfo", "Plugins\LinkInfo\LinkInfo.csproj", "{9B2AFB74-E1F6-4B07-9FF9-BF9796090A82}"
EndProject
Project("{FAE04EC0-301F-11D3-BF4B-00C04F79EFBC}") = "LinkInfoOptIn", "Plugins\LinkInfoOptIn\LinkInfoOptIn.csproj", "{E4B832AC-4AC8-4F43-B82C-1BB5C7C51AD4}"
EndProject
Project("{FAE04EC0-301F-11D3-BF4B-00C04F79EFBC}") = "Messenger", "Plugins\Messenger\Messenger.csproj", "{98C55799-3DE2-4482-8979-83E02AE0A448}"
EndProject
Project("{FAE04EC0-301F-11D3-BF4B-00C04F79EFBC}") = "NewYear", "Plugins\NewYear\NewYear.csproj", "{06E44C18-4467-48C2-B849-5A984685DBCE}"
EndProject
Project("{FAE04EC0-301F-11D3-BF4B-00C04F79EFBC}") = "Punt", "Plugins\Punt\Punt.csproj", "{DEFBF3EA-8A89-4DD3-912C-0EB7614CFA9B}"
EndProject
Project("{FAE04EC0-301F-11D3-BF4B-00C04F79EFBC}") = "Quotes", "Plugins\Quotes\Quotes.csproj", "{28D552F3-6A86-4B9F-B0BD-8D0EE7970B8F}"
EndProject
Project("{FAE04EC0-301F-11D3-BF4B-00C04F79EFBC}") = "Reinvite", "Plugins\Reinvite\Reinvite.csproj", "{6FCE2DCC-105F-47C8-BEB9-4F0E6C1EA0BA}"
EndProject
Project("{FAE04EC0-301F-11D3-BF4B-00C04F79EFBC}") = "Smileys", "Plugins\Smileys\Smileys.csproj", "{0846F276-4939-4DC2-91EF-E39E21E35DC2}"
EndProject
Project("{FAE04EC0-301F-11D3-BF4B-00C04F79EFBC}") = "Sockpuppet", "Plugins\Sockpuppet\Sockpuppet.csproj", "{BFA41878-8F60-4B67-9EA2-C7D6488DECEC}"
EndProject
Project("{FAE04EC0-301F-11D3-BF4B-00C04F79EFBC}") = "TextCommands", "Plugins\TextCommands\TextCommands.csproj", "{973B4ABA-E4AC-4F98-9D55-E47B6B65151D}"
EndProject
Project("{FAE04EC0-301F-11D3-BF4B-00C04F79EFBC}") = "Thanks", "Plugins\Thanks\Thanks.csproj", "{D766FFE4-79C0-4ED0-90DF-08CEC3FADE28}"
EndProject
Project("{FAE04EC0-301F-11D3-BF4B-00C04F79EFBC}") = "Time", "Plugins\Time\Time.csproj", "{694D1311-9C8A-40D5-8039-BDD581783611}"
EndProject
Project("{FAE04EC0-301F-11D3-BF4B-00C04F79EFBC}") = "UnoBot", "Plugins\UnoBot\UnoBot.csproj", "{012CB5D5-18B3-4142-93F9-CE264E2F9C23}"
EndProject
Project("{FAE04EC0-301F-11D3-BF4B-00C04F79EFBC}") = "Weather", "Plugins\Weather\Weather.csproj", "{45332288-9255-44CC-838B-DC69AA233620}"
EndProject
Project("{FAE04EC0-301F-11D3-BF4B-00C04F79EFBC}") = "WhoDoYouThinkIs", "Plugins\WhoDoYouThinkIs\WhoDoYouThinkIs.csproj", "{DBCAD707-2DBC-4AD9-AA4C-D810C040CE20}"
EndProject
Project("{FAE04EC0-301F-11D3-BF4B-00C04F79EFBC}") = "WhoisLoginNickMapping", "Plugins\WhoisLoginNickMapping\WhoisLoginNickMapping.csproj", "{366A784F-5E02-494B-8AE4-0E2C09944A93}"
EndProject
Project("{2150E333-8FDC-42A3-9474-1A3956D46DE8}") = "Tests", "Tests", "{86F5D258-B8C4-4A75-B518-7CD174E4FF63}"
EndProject
Project("{FAE04EC0-301F-11D3-BF4B-00C04F79EFBC}") = "AllographTests", "Tests\AllographTests\AllographTests.csproj", "{D77D1924-9FD3-48FA-9DD8-58B96D9CB636}"
EndProject
Project("{FAE04EC0-301F-11D3-BF4B-00C04F79EFBC}") = "SharpIrcBot", "SharpIrcBot\SharpIrcBot.csproj", "{4069D0E8-02C6-415F-A6A8-4F6BFA75F66D}"
EndProject
Project("{FAE04EC0-301F-11D3-BF4B-00C04F79EFBC}") = "SharpIrcBotCLI", "SharpIrcBotCLI\SharpIrcBotCLI.csproj", "{D97828A7-68F6-4663-BBA7-03B3D0B6ADBC}"
EndProject
Project("{2150E333-8FDC-42A3-9474-1A3956D46DE8}") = "Libraries", "Libraries", "{D1131B01-FFE1-4BB4-84DB-C5CDBBF6BF87}"
EndProject
Project("{FAE04EC0-301F-11D3-BF4B-00C04F79EFBC}") = "HtmlAgilityPack", "Libraries\HtmlAgilityPack\HtmlAgilityPack.csproj", "{32B409F0-618B-4435-8C7A-CA4E40CD9C97}"
EndProject
Project("{FAE04EC0-301F-11D3-BF4B-00C04F79EFBC}") = "SmartIrc4net", "Libraries\SmartIrc4net\SmartIrc4net.csproj", "{97A4859D-AE79-4C47-B86C-D70B10991D50}"
EndProject
Project("{FAE04EC0-301F-11D3-BF4B-00C04F79EFBC}") = "LinkInfoTests", "Tests\LinkInfoTests\LinkInfoTests.csproj", "{27D0D700-3156-4CC8-9431-A7C7DB9637E5}"
EndProject
Project("{FAE04EC0-301F-11D3-BF4B-00C04F79EFBC}") = "SharpIrcBotTests", "Tests\SharpIrcBotTests\SharpIrcBotTests.csproj", "{97F2EA8D-118A-4FF1-B814-989F44C2D4B4}"
EndProject
Project("{FAE04EC0-301F-11D3-BF4B-00C04F79EFBC}") = "TestPlumbing", "Tests\TestPlumbing\TestPlumbing.csproj", "{45923537-5006-4099-8D34-13637C5C6DF7}"
EndProject
Project("{FAE04EC0-301F-11D3-BF4B-00C04F79EFBC}") = "Sed", "Plugins\Sed\Sed.csproj", "{F6E0FA74-19C2-4DF5-BA60-9838434FDAA9}"
EndProject
Project("{FAE04EC0-301F-11D3-BF4B-00C04F79EFBC}") = "SedTests", "Tests\SedTests\SedTests.csproj", "{13DD4FBC-1516-42B0-82BE-60330D80E6BE}"
EndProject
Project("{FAE04EC0-301F-11D3-BF4B-00C04F79EFBC}") = "Trivia", "Plugins\Trivia\Trivia.csproj", "{04B9367E-E985-4763-A4C1-B73372DC7C65}"
EndProject
Project("{FAE04EC0-301F-11D3-BF4B-00C04F79EFBC}") = "CasinoBot", "Plugins\CasinoBot\CasinoBot.csproj", "{683716F1-79A5-4E76-B059-AD9CC58AA4EC}"
EndProject
Project("{FAE04EC0-301F-11D3-BF4B-00C04F79EFBC}") = "CasinoBotTests", "Tests\CasinoBotTests\CasinoBotTests.csproj", "{F1F14F9E-1B17-4905-AA80-4E9075870003}"
EndProject
Project("{FAE04EC0-301F-11D3-BF4B-00C04F79EFBC}") = "Demoderation", "Plugins\Demoderation\Demoderation.csproj", "{77458873-6C55-4D11-B869-B6F4D690089F}"
EndProject
Project("{2150E333-8FDC-42A3-9474-1A3956D46DE8}") = "Libraries", "Libraries", "{D854C97F-6518-4C48-A04A-6D2D97BEB230}"
EndProject
Project("{FAE04EC0-301F-11D3-BF4B-00C04F79EFBC}") = "GeoNames", "Plugins\Libraries\GeoNames\GeoNames.csproj", "{69712911-60B9-431E-BD1D-BE583F2FCD5E}"
EndProject
Project("{FAE04EC0-301F-11D3-BF4B-00C04F79EFBC}") = "Counters", "Plugins\Counters\Counters.csproj", "{8928512F-5777-4815-A357-065DCA2D9136}"
EndProject
Project("{FAE04EC0-301F-11D3-BF4B-00C04F79EFBC}") = "Calc", "Plugins\Calc\Calc.csproj", "{F0A9FA41-3162-4487-8762-00BFF25C0BF5}"
EndProject
Project("{FAE04EC0-301F-11D3-BF4B-00C04F79EFBC}") = "Debounce", "Plugins\Debounce\Debounce.csproj", "{AB393EC9-5FA0-4C3E-A28F-BB8B611422A1}"
EndProject
Project("{FAE04EC0-301F-11D3-BF4B-00C04F79EFBC}") = "BanKit", "Plugins\BanKit\BanKit.csproj", "{15FBF9CE-DBB8-43E7-8D41-E994BE189209}"
EndProject
Global
	GlobalSection(SolutionConfigurationPlatforms) = preSolution
		Debug|Any CPU = Debug|Any CPU
		Debug|x64 = Debug|x64
		Debug|x86 = Debug|x86
		Release|Any CPU = Release|Any CPU
		Release|x64 = Release|x64
		Release|x86 = Release|x86
	EndGlobalSection
	GlobalSection(SolutionProperties) = preSolution
		HideSolutionNode = FALSE
	EndGlobalSection
	GlobalSection(ProjectConfigurationPlatforms) = postSolution
		{BBF0D545-D43A-467E-B82F-489F62509703}.Debug|Any CPU.ActiveCfg = Debug|Any CPU
		{BBF0D545-D43A-467E-B82F-489F62509703}.Debug|Any CPU.Build.0 = Debug|Any CPU
		{BBF0D545-D43A-467E-B82F-489F62509703}.Debug|x64.ActiveCfg = Debug|x64
		{BBF0D545-D43A-467E-B82F-489F62509703}.Debug|x64.Build.0 = Debug|x64
		{BBF0D545-D43A-467E-B82F-489F62509703}.Debug|x86.ActiveCfg = Debug|x86
		{BBF0D545-D43A-467E-B82F-489F62509703}.Debug|x86.Build.0 = Debug|x86
		{BBF0D545-D43A-467E-B82F-489F62509703}.Release|Any CPU.ActiveCfg = Release|Any CPU
		{BBF0D545-D43A-467E-B82F-489F62509703}.Release|Any CPU.Build.0 = Release|Any CPU
		{BBF0D545-D43A-467E-B82F-489F62509703}.Release|x64.ActiveCfg = Release|x64
		{BBF0D545-D43A-467E-B82F-489F62509703}.Release|x64.Build.0 = Release|x64
		{BBF0D545-D43A-467E-B82F-489F62509703}.Release|x86.ActiveCfg = Release|x86
		{BBF0D545-D43A-467E-B82F-489F62509703}.Release|x86.Build.0 = Release|x86
		{D7CE1C56-2895-4453-9589-3E0735A5406A}.Debug|Any CPU.ActiveCfg = Debug|Any CPU
		{D7CE1C56-2895-4453-9589-3E0735A5406A}.Debug|Any CPU.Build.0 = Debug|Any CPU
		{D7CE1C56-2895-4453-9589-3E0735A5406A}.Debug|x64.ActiveCfg = Debug|x64
		{D7CE1C56-2895-4453-9589-3E0735A5406A}.Debug|x64.Build.0 = Debug|x64
		{D7CE1C56-2895-4453-9589-3E0735A5406A}.Debug|x86.ActiveCfg = Debug|x86
		{D7CE1C56-2895-4453-9589-3E0735A5406A}.Debug|x86.Build.0 = Debug|x86
		{D7CE1C56-2895-4453-9589-3E0735A5406A}.Release|Any CPU.ActiveCfg = Release|Any CPU
		{D7CE1C56-2895-4453-9589-3E0735A5406A}.Release|Any CPU.Build.0 = Release|Any CPU
		{D7CE1C56-2895-4453-9589-3E0735A5406A}.Release|x64.ActiveCfg = Release|x64
		{D7CE1C56-2895-4453-9589-3E0735A5406A}.Release|x64.Build.0 = Release|x64
		{D7CE1C56-2895-4453-9589-3E0735A5406A}.Release|x86.ActiveCfg = Release|x86
		{D7CE1C56-2895-4453-9589-3E0735A5406A}.Release|x86.Build.0 = Release|x86
		{F3EF7279-E6EF-4236-AB3B-A3BEE23D6AC7}.Debug|Any CPU.ActiveCfg = Debug|Any CPU
		{F3EF7279-E6EF-4236-AB3B-A3BEE23D6AC7}.Debug|Any CPU.Build.0 = Debug|Any CPU
		{F3EF7279-E6EF-4236-AB3B-A3BEE23D6AC7}.Debug|x64.ActiveCfg = Debug|x64
		{F3EF7279-E6EF-4236-AB3B-A3BEE23D6AC7}.Debug|x64.Build.0 = Debug|x64
		{F3EF7279-E6EF-4236-AB3B-A3BEE23D6AC7}.Debug|x86.ActiveCfg = Debug|x86
		{F3EF7279-E6EF-4236-AB3B-A3BEE23D6AC7}.Debug|x86.Build.0 = Debug|x86
		{F3EF7279-E6EF-4236-AB3B-A3BEE23D6AC7}.Release|Any CPU.ActiveCfg = Release|Any CPU
		{F3EF7279-E6EF-4236-AB3B-A3BEE23D6AC7}.Release|Any CPU.Build.0 = Release|Any CPU
		{F3EF7279-E6EF-4236-AB3B-A3BEE23D6AC7}.Release|x64.ActiveCfg = Release|x64
		{F3EF7279-E6EF-4236-AB3B-A3BEE23D6AC7}.Release|x64.Build.0 = Release|x64
		{F3EF7279-E6EF-4236-AB3B-A3BEE23D6AC7}.Release|x86.ActiveCfg = Release|x86
		{F3EF7279-E6EF-4236-AB3B-A3BEE23D6AC7}.Release|x86.Build.0 = Release|x86
		{BF9A9BFB-4C5A-4D9B-9A02-25B74DDDE843}.Debug|Any CPU.ActiveCfg = Debug|Any CPU
		{BF9A9BFB-4C5A-4D9B-9A02-25B74DDDE843}.Debug|Any CPU.Build.0 = Debug|Any CPU
		{BF9A9BFB-4C5A-4D9B-9A02-25B74DDDE843}.Debug|x64.ActiveCfg = Debug|x64
		{BF9A9BFB-4C5A-4D9B-9A02-25B74DDDE843}.Debug|x64.Build.0 = Debug|x64
		{BF9A9BFB-4C5A-4D9B-9A02-25B74DDDE843}.Debug|x86.ActiveCfg = Debug|x86
		{BF9A9BFB-4C5A-4D9B-9A02-25B74DDDE843}.Debug|x86.Build.0 = Debug|x86
		{BF9A9BFB-4C5A-4D9B-9A02-25B74DDDE843}.Release|Any CPU.ActiveCfg = Release|Any CPU
		{BF9A9BFB-4C5A-4D9B-9A02-25B74DDDE843}.Release|Any CPU.Build.0 = Release|Any CPU
		{BF9A9BFB-4C5A-4D9B-9A02-25B74DDDE843}.Release|x64.ActiveCfg = Release|x64
		{BF9A9BFB-4C5A-4D9B-9A02-25B74DDDE843}.Release|x64.Build.0 = Release|x64
		{BF9A9BFB-4C5A-4D9B-9A02-25B74DDDE843}.Release|x86.ActiveCfg = Release|x86
		{BF9A9BFB-4C5A-4D9B-9A02-25B74DDDE843}.Release|x86.Build.0 = Release|x86
		{7B216491-14C9-4B77-9C3D-E3C5D73CEE47}.Debug|Any CPU.ActiveCfg = Debug|Any CPU
		{7B216491-14C9-4B77-9C3D-E3C5D73CEE47}.Debug|Any CPU.Build.0 = Debug|Any CPU
		{7B216491-14C9-4B77-9C3D-E3C5D73CEE47}.Debug|x64.ActiveCfg = Debug|x64
		{7B216491-14C9-4B77-9C3D-E3C5D73CEE47}.Debug|x64.Build.0 = Debug|x64
		{7B216491-14C9-4B77-9C3D-E3C5D73CEE47}.Debug|x86.ActiveCfg = Debug|x86
		{7B216491-14C9-4B77-9C3D-E3C5D73CEE47}.Debug|x86.Build.0 = Debug|x86
		{7B216491-14C9-4B77-9C3D-E3C5D73CEE47}.Release|Any CPU.ActiveCfg = Release|Any CPU
		{7B216491-14C9-4B77-9C3D-E3C5D73CEE47}.Release|Any CPU.Build.0 = Release|Any CPU
		{7B216491-14C9-4B77-9C3D-E3C5D73CEE47}.Release|x64.ActiveCfg = Release|x64
		{7B216491-14C9-4B77-9C3D-E3C5D73CEE47}.Release|x64.Build.0 = Release|x64
		{7B216491-14C9-4B77-9C3D-E3C5D73CEE47}.Release|x86.ActiveCfg = Release|x86
		{7B216491-14C9-4B77-9C3D-E3C5D73CEE47}.Release|x86.Build.0 = Release|x86
		{2223C40D-37A3-4A4A-944C-14AD69F00781}.Debug|Any CPU.ActiveCfg = Debug|Any CPU
		{2223C40D-37A3-4A4A-944C-14AD69F00781}.Debug|Any CPU.Build.0 = Debug|Any CPU
		{2223C40D-37A3-4A4A-944C-14AD69F00781}.Debug|x64.ActiveCfg = Debug|x64
		{2223C40D-37A3-4A4A-944C-14AD69F00781}.Debug|x64.Build.0 = Debug|x64
		{2223C40D-37A3-4A4A-944C-14AD69F00781}.Debug|x86.ActiveCfg = Debug|x86
		{2223C40D-37A3-4A4A-944C-14AD69F00781}.Debug|x86.Build.0 = Debug|x86
		{2223C40D-37A3-4A4A-944C-14AD69F00781}.Release|Any CPU.ActiveCfg = Release|Any CPU
		{2223C40D-37A3-4A4A-944C-14AD69F00781}.Release|Any CPU.Build.0 = Release|Any CPU
		{2223C40D-37A3-4A4A-944C-14AD69F00781}.Release|x64.ActiveCfg = Release|x64
		{2223C40D-37A3-4A4A-944C-14AD69F00781}.Release|x64.Build.0 = Release|x64
		{2223C40D-37A3-4A4A-944C-14AD69F00781}.Release|x86.ActiveCfg = Release|x86
		{2223C40D-37A3-4A4A-944C-14AD69F00781}.Release|x86.Build.0 = Release|x86
		{91EEB8DA-863E-4388-AA3B-14625F1B5EBC}.Debug|Any CPU.ActiveCfg = Debug|Any CPU
		{91EEB8DA-863E-4388-AA3B-14625F1B5EBC}.Debug|Any CPU.Build.0 = Debug|Any CPU
		{91EEB8DA-863E-4388-AA3B-14625F1B5EBC}.Debug|x64.ActiveCfg = Debug|x64
		{91EEB8DA-863E-4388-AA3B-14625F1B5EBC}.Debug|x64.Build.0 = Debug|x64
		{91EEB8DA-863E-4388-AA3B-14625F1B5EBC}.Debug|x86.ActiveCfg = Debug|x86
		{91EEB8DA-863E-4388-AA3B-14625F1B5EBC}.Debug|x86.Build.0 = Debug|x86
		{91EEB8DA-863E-4388-AA3B-14625F1B5EBC}.Release|Any CPU.ActiveCfg = Release|Any CPU
		{91EEB8DA-863E-4388-AA3B-14625F1B5EBC}.Release|Any CPU.Build.0 = Release|Any CPU
		{91EEB8DA-863E-4388-AA3B-14625F1B5EBC}.Release|x64.ActiveCfg = Release|x64
		{91EEB8DA-863E-4388-AA3B-14625F1B5EBC}.Release|x64.Build.0 = Release|x64
		{91EEB8DA-863E-4388-AA3B-14625F1B5EBC}.Release|x86.ActiveCfg = Release|x86
		{91EEB8DA-863E-4388-AA3B-14625F1B5EBC}.Release|x86.Build.0 = Release|x86
		{1FD2C222-AF40-46EC-82CA-B5F354967E8D}.Debug|Any CPU.ActiveCfg = Debug|Any CPU
		{1FD2C222-AF40-46EC-82CA-B5F354967E8D}.Debug|Any CPU.Build.0 = Debug|Any CPU
		{1FD2C222-AF40-46EC-82CA-B5F354967E8D}.Debug|x64.ActiveCfg = Debug|x64
		{1FD2C222-AF40-46EC-82CA-B5F354967E8D}.Debug|x64.Build.0 = Debug|x64
		{1FD2C222-AF40-46EC-82CA-B5F354967E8D}.Debug|x86.ActiveCfg = Debug|x86
		{1FD2C222-AF40-46EC-82CA-B5F354967E8D}.Debug|x86.Build.0 = Debug|x86
		{1FD2C222-AF40-46EC-82CA-B5F354967E8D}.Release|Any CPU.ActiveCfg = Release|Any CPU
		{1FD2C222-AF40-46EC-82CA-B5F354967E8D}.Release|Any CPU.Build.0 = Release|Any CPU
		{1FD2C222-AF40-46EC-82CA-B5F354967E8D}.Release|x64.ActiveCfg = Release|x64
		{1FD2C222-AF40-46EC-82CA-B5F354967E8D}.Release|x64.Build.0 = Release|x64
		{1FD2C222-AF40-46EC-82CA-B5F354967E8D}.Release|x86.ActiveCfg = Release|x86
		{1FD2C222-AF40-46EC-82CA-B5F354967E8D}.Release|x86.Build.0 = Release|x86
		{62B1D723-5C77-4C99-93F9-0A85EE1BAC33}.Debug|Any CPU.ActiveCfg = Debug|Any CPU
		{62B1D723-5C77-4C99-93F9-0A85EE1BAC33}.Debug|Any CPU.Build.0 = Debug|Any CPU
		{62B1D723-5C77-4C99-93F9-0A85EE1BAC33}.Debug|x64.ActiveCfg = Debug|x64
		{62B1D723-5C77-4C99-93F9-0A85EE1BAC33}.Debug|x64.Build.0 = Debug|x64
		{62B1D723-5C77-4C99-93F9-0A85EE1BAC33}.Debug|x86.ActiveCfg = Debug|x86
		{62B1D723-5C77-4C99-93F9-0A85EE1BAC33}.Debug|x86.Build.0 = Debug|x86
		{62B1D723-5C77-4C99-93F9-0A85EE1BAC33}.Release|Any CPU.ActiveCfg = Release|Any CPU
		{62B1D723-5C77-4C99-93F9-0A85EE1BAC33}.Release|Any CPU.Build.0 = Release|Any CPU
		{62B1D723-5C77-4C99-93F9-0A85EE1BAC33}.Release|x64.ActiveCfg = Release|x64
		{62B1D723-5C77-4C99-93F9-0A85EE1BAC33}.Release|x64.Build.0 = Release|x64
		{62B1D723-5C77-4C99-93F9-0A85EE1BAC33}.Release|x86.ActiveCfg = Release|x86
		{62B1D723-5C77-4C99-93F9-0A85EE1BAC33}.Release|x86.Build.0 = Release|x86
		{0B9BB555-842E-43FB-AA7F-7E9920685E69}.Debug|Any CPU.ActiveCfg = Debug|Any CPU
		{0B9BB555-842E-43FB-AA7F-7E9920685E69}.Debug|Any CPU.Build.0 = Debug|Any CPU
		{0B9BB555-842E-43FB-AA7F-7E9920685E69}.Debug|x64.ActiveCfg = Debug|x64
		{0B9BB555-842E-43FB-AA7F-7E9920685E69}.Debug|x64.Build.0 = Debug|x64
		{0B9BB555-842E-43FB-AA7F-7E9920685E69}.Debug|x86.ActiveCfg = Debug|x86
		{0B9BB555-842E-43FB-AA7F-7E9920685E69}.Debug|x86.Build.0 = Debug|x86
		{0B9BB555-842E-43FB-AA7F-7E9920685E69}.Release|Any CPU.ActiveCfg = Release|Any CPU
		{0B9BB555-842E-43FB-AA7F-7E9920685E69}.Release|Any CPU.Build.0 = Release|Any CPU
		{0B9BB555-842E-43FB-AA7F-7E9920685E69}.Release|x64.ActiveCfg = Release|x64
		{0B9BB555-842E-43FB-AA7F-7E9920685E69}.Release|x64.Build.0 = Release|x64
		{0B9BB555-842E-43FB-AA7F-7E9920685E69}.Release|x86.ActiveCfg = Release|x86
		{0B9BB555-842E-43FB-AA7F-7E9920685E69}.Release|x86.Build.0 = Release|x86
		{9B2AFB74-E1F6-4B07-9FF9-BF9796090A82}.Debug|Any CPU.ActiveCfg = Debug|Any CPU
		{9B2AFB74-E1F6-4B07-9FF9-BF9796090A82}.Debug|Any CPU.Build.0 = Debug|Any CPU
		{9B2AFB74-E1F6-4B07-9FF9-BF9796090A82}.Debug|x64.ActiveCfg = Debug|x64
		{9B2AFB74-E1F6-4B07-9FF9-BF9796090A82}.Debug|x64.Build.0 = Debug|x64
		{9B2AFB74-E1F6-4B07-9FF9-BF9796090A82}.Debug|x86.ActiveCfg = Debug|x86
		{9B2AFB74-E1F6-4B07-9FF9-BF9796090A82}.Debug|x86.Build.0 = Debug|x86
		{9B2AFB74-E1F6-4B07-9FF9-BF9796090A82}.Release|Any CPU.ActiveCfg = Release|Any CPU
		{9B2AFB74-E1F6-4B07-9FF9-BF9796090A82}.Release|Any CPU.Build.0 = Release|Any CPU
		{9B2AFB74-E1F6-4B07-9FF9-BF9796090A82}.Release|x64.ActiveCfg = Release|x64
		{9B2AFB74-E1F6-4B07-9FF9-BF9796090A82}.Release|x64.Build.0 = Release|x64
		{9B2AFB74-E1F6-4B07-9FF9-BF9796090A82}.Release|x86.ActiveCfg = Release|x86
		{9B2AFB74-E1F6-4B07-9FF9-BF9796090A82}.Release|x86.Build.0 = Release|x86
		{E4B832AC-4AC8-4F43-B82C-1BB5C7C51AD4}.Debug|Any CPU.ActiveCfg = Debug|Any CPU
		{E4B832AC-4AC8-4F43-B82C-1BB5C7C51AD4}.Debug|Any CPU.Build.0 = Debug|Any CPU
		{E4B832AC-4AC8-4F43-B82C-1BB5C7C51AD4}.Debug|x64.ActiveCfg = Debug|x64
		{E4B832AC-4AC8-4F43-B82C-1BB5C7C51AD4}.Debug|x64.Build.0 = Debug|x64
		{E4B832AC-4AC8-4F43-B82C-1BB5C7C51AD4}.Debug|x86.ActiveCfg = Debug|x86
		{E4B832AC-4AC8-4F43-B82C-1BB5C7C51AD4}.Debug|x86.Build.0 = Debug|x86
		{E4B832AC-4AC8-4F43-B82C-1BB5C7C51AD4}.Release|Any CPU.ActiveCfg = Release|Any CPU
		{E4B832AC-4AC8-4F43-B82C-1BB5C7C51AD4}.Release|Any CPU.Build.0 = Release|Any CPU
		{E4B832AC-4AC8-4F43-B82C-1BB5C7C51AD4}.Release|x64.ActiveCfg = Release|x64
		{E4B832AC-4AC8-4F43-B82C-1BB5C7C51AD4}.Release|x64.Build.0 = Release|x64
		{E4B832AC-4AC8-4F43-B82C-1BB5C7C51AD4}.Release|x86.ActiveCfg = Release|x86
		{E4B832AC-4AC8-4F43-B82C-1BB5C7C51AD4}.Release|x86.Build.0 = Release|x86
		{98C55799-3DE2-4482-8979-83E02AE0A448}.Debug|Any CPU.ActiveCfg = Debug|Any CPU
		{98C55799-3DE2-4482-8979-83E02AE0A448}.Debug|Any CPU.Build.0 = Debug|Any CPU
		{98C55799-3DE2-4482-8979-83E02AE0A448}.Debug|x64.ActiveCfg = Debug|x64
		{98C55799-3DE2-4482-8979-83E02AE0A448}.Debug|x64.Build.0 = Debug|x64
		{98C55799-3DE2-4482-8979-83E02AE0A448}.Debug|x86.ActiveCfg = Debug|x86
		{98C55799-3DE2-4482-8979-83E02AE0A448}.Debug|x86.Build.0 = Debug|x86
		{98C55799-3DE2-4482-8979-83E02AE0A448}.Release|Any CPU.ActiveCfg = Release|Any CPU
		{98C55799-3DE2-4482-8979-83E02AE0A448}.Release|Any CPU.Build.0 = Release|Any CPU
		{98C55799-3DE2-4482-8979-83E02AE0A448}.Release|x64.ActiveCfg = Release|x64
		{98C55799-3DE2-4482-8979-83E02AE0A448}.Release|x64.Build.0 = Release|x64
		{98C55799-3DE2-4482-8979-83E02AE0A448}.Release|x86.ActiveCfg = Release|x86
		{98C55799-3DE2-4482-8979-83E02AE0A448}.Release|x86.Build.0 = Release|x86
		{06E44C18-4467-48C2-B849-5A984685DBCE}.Debug|Any CPU.ActiveCfg = Debug|Any CPU
		{06E44C18-4467-48C2-B849-5A984685DBCE}.Debug|Any CPU.Build.0 = Debug|Any CPU
		{06E44C18-4467-48C2-B849-5A984685DBCE}.Debug|x64.ActiveCfg = Debug|x64
		{06E44C18-4467-48C2-B849-5A984685DBCE}.Debug|x64.Build.0 = Debug|x64
		{06E44C18-4467-48C2-B849-5A984685DBCE}.Debug|x86.ActiveCfg = Debug|x86
		{06E44C18-4467-48C2-B849-5A984685DBCE}.Debug|x86.Build.0 = Debug|x86
		{06E44C18-4467-48C2-B849-5A984685DBCE}.Release|Any CPU.ActiveCfg = Release|Any CPU
		{06E44C18-4467-48C2-B849-5A984685DBCE}.Release|Any CPU.Build.0 = Release|Any CPU
		{06E44C18-4467-48C2-B849-5A984685DBCE}.Release|x64.ActiveCfg = Release|x64
		{06E44C18-4467-48C2-B849-5A984685DBCE}.Release|x64.Build.0 = Release|x64
		{06E44C18-4467-48C2-B849-5A984685DBCE}.Release|x86.ActiveCfg = Release|x86
		{06E44C18-4467-48C2-B849-5A984685DBCE}.Release|x86.Build.0 = Release|x86
		{DEFBF3EA-8A89-4DD3-912C-0EB7614CFA9B}.Debug|Any CPU.ActiveCfg = Debug|Any CPU
		{DEFBF3EA-8A89-4DD3-912C-0EB7614CFA9B}.Debug|Any CPU.Build.0 = Debug|Any CPU
		{DEFBF3EA-8A89-4DD3-912C-0EB7614CFA9B}.Debug|x64.ActiveCfg = Debug|x64
		{DEFBF3EA-8A89-4DD3-912C-0EB7614CFA9B}.Debug|x64.Build.0 = Debug|x64
		{DEFBF3EA-8A89-4DD3-912C-0EB7614CFA9B}.Debug|x86.ActiveCfg = Debug|x86
		{DEFBF3EA-8A89-4DD3-912C-0EB7614CFA9B}.Debug|x86.Build.0 = Debug|x86
		{DEFBF3EA-8A89-4DD3-912C-0EB7614CFA9B}.Release|Any CPU.ActiveCfg = Release|Any CPU
		{DEFBF3EA-8A89-4DD3-912C-0EB7614CFA9B}.Release|Any CPU.Build.0 = Release|Any CPU
		{DEFBF3EA-8A89-4DD3-912C-0EB7614CFA9B}.Release|x64.ActiveCfg = Release|x64
		{DEFBF3EA-8A89-4DD3-912C-0EB7614CFA9B}.Release|x64.Build.0 = Release|x64
		{DEFBF3EA-8A89-4DD3-912C-0EB7614CFA9B}.Release|x86.ActiveCfg = Release|x86
		{DEFBF3EA-8A89-4DD3-912C-0EB7614CFA9B}.Release|x86.Build.0 = Release|x86
		{28D552F3-6A86-4B9F-B0BD-8D0EE7970B8F}.Debug|Any CPU.ActiveCfg = Debug|Any CPU
		{28D552F3-6A86-4B9F-B0BD-8D0EE7970B8F}.Debug|Any CPU.Build.0 = Debug|Any CPU
		{28D552F3-6A86-4B9F-B0BD-8D0EE7970B8F}.Debug|x64.ActiveCfg = Debug|x64
		{28D552F3-6A86-4B9F-B0BD-8D0EE7970B8F}.Debug|x64.Build.0 = Debug|x64
		{28D552F3-6A86-4B9F-B0BD-8D0EE7970B8F}.Debug|x86.ActiveCfg = Debug|x86
		{28D552F3-6A86-4B9F-B0BD-8D0EE7970B8F}.Debug|x86.Build.0 = Debug|x86
		{28D552F3-6A86-4B9F-B0BD-8D0EE7970B8F}.Release|Any CPU.ActiveCfg = Release|Any CPU
		{28D552F3-6A86-4B9F-B0BD-8D0EE7970B8F}.Release|Any CPU.Build.0 = Release|Any CPU
		{28D552F3-6A86-4B9F-B0BD-8D0EE7970B8F}.Release|x64.ActiveCfg = Release|x64
		{28D552F3-6A86-4B9F-B0BD-8D0EE7970B8F}.Release|x64.Build.0 = Release|x64
		{28D552F3-6A86-4B9F-B0BD-8D0EE7970B8F}.Release|x86.ActiveCfg = Release|x86
		{28D552F3-6A86-4B9F-B0BD-8D0EE7970B8F}.Release|x86.Build.0 = Release|x86
		{6FCE2DCC-105F-47C8-BEB9-4F0E6C1EA0BA}.Debug|Any CPU.ActiveCfg = Debug|Any CPU
		{6FCE2DCC-105F-47C8-BEB9-4F0E6C1EA0BA}.Debug|Any CPU.Build.0 = Debug|Any CPU
		{6FCE2DCC-105F-47C8-BEB9-4F0E6C1EA0BA}.Debug|x64.ActiveCfg = Debug|x64
		{6FCE2DCC-105F-47C8-BEB9-4F0E6C1EA0BA}.Debug|x64.Build.0 = Debug|x64
		{6FCE2DCC-105F-47C8-BEB9-4F0E6C1EA0BA}.Debug|x86.ActiveCfg = Debug|x86
		{6FCE2DCC-105F-47C8-BEB9-4F0E6C1EA0BA}.Debug|x86.Build.0 = Debug|x86
		{6FCE2DCC-105F-47C8-BEB9-4F0E6C1EA0BA}.Release|Any CPU.ActiveCfg = Release|Any CPU
		{6FCE2DCC-105F-47C8-BEB9-4F0E6C1EA0BA}.Release|Any CPU.Build.0 = Release|Any CPU
		{6FCE2DCC-105F-47C8-BEB9-4F0E6C1EA0BA}.Release|x64.ActiveCfg = Release|x64
		{6FCE2DCC-105F-47C8-BEB9-4F0E6C1EA0BA}.Release|x64.Build.0 = Release|x64
		{6FCE2DCC-105F-47C8-BEB9-4F0E6C1EA0BA}.Release|x86.ActiveCfg = Release|x86
		{6FCE2DCC-105F-47C8-BEB9-4F0E6C1EA0BA}.Release|x86.Build.0 = Release|x86
		{0846F276-4939-4DC2-91EF-E39E21E35DC2}.Debug|Any CPU.ActiveCfg = Debug|Any CPU
		{0846F276-4939-4DC2-91EF-E39E21E35DC2}.Debug|Any CPU.Build.0 = Debug|Any CPU
		{0846F276-4939-4DC2-91EF-E39E21E35DC2}.Debug|x64.ActiveCfg = Debug|x64
		{0846F276-4939-4DC2-91EF-E39E21E35DC2}.Debug|x64.Build.0 = Debug|x64
		{0846F276-4939-4DC2-91EF-E39E21E35DC2}.Debug|x86.ActiveCfg = Debug|x86
		{0846F276-4939-4DC2-91EF-E39E21E35DC2}.Debug|x86.Build.0 = Debug|x86
		{0846F276-4939-4DC2-91EF-E39E21E35DC2}.Release|Any CPU.ActiveCfg = Release|Any CPU
		{0846F276-4939-4DC2-91EF-E39E21E35DC2}.Release|Any CPU.Build.0 = Release|Any CPU
		{0846F276-4939-4DC2-91EF-E39E21E35DC2}.Release|x64.ActiveCfg = Release|x64
		{0846F276-4939-4DC2-91EF-E39E21E35DC2}.Release|x64.Build.0 = Release|x64
		{0846F276-4939-4DC2-91EF-E39E21E35DC2}.Release|x86.ActiveCfg = Release|x86
		{0846F276-4939-4DC2-91EF-E39E21E35DC2}.Release|x86.Build.0 = Release|x86
		{BFA41878-8F60-4B67-9EA2-C7D6488DECEC}.Debug|Any CPU.ActiveCfg = Debug|Any CPU
		{BFA41878-8F60-4B67-9EA2-C7D6488DECEC}.Debug|Any CPU.Build.0 = Debug|Any CPU
		{BFA41878-8F60-4B67-9EA2-C7D6488DECEC}.Debug|x64.ActiveCfg = Debug|x64
		{BFA41878-8F60-4B67-9EA2-C7D6488DECEC}.Debug|x64.Build.0 = Debug|x64
		{BFA41878-8F60-4B67-9EA2-C7D6488DECEC}.Debug|x86.ActiveCfg = Debug|x86
		{BFA41878-8F60-4B67-9EA2-C7D6488DECEC}.Debug|x86.Build.0 = Debug|x86
		{BFA41878-8F60-4B67-9EA2-C7D6488DECEC}.Release|Any CPU.ActiveCfg = Release|Any CPU
		{BFA41878-8F60-4B67-9EA2-C7D6488DECEC}.Release|Any CPU.Build.0 = Release|Any CPU
		{BFA41878-8F60-4B67-9EA2-C7D6488DECEC}.Release|x64.ActiveCfg = Release|x64
		{BFA41878-8F60-4B67-9EA2-C7D6488DECEC}.Release|x64.Build.0 = Release|x64
		{BFA41878-8F60-4B67-9EA2-C7D6488DECEC}.Release|x86.ActiveCfg = Release|x86
		{BFA41878-8F60-4B67-9EA2-C7D6488DECEC}.Release|x86.Build.0 = Release|x86
		{973B4ABA-E4AC-4F98-9D55-E47B6B65151D}.Debug|Any CPU.ActiveCfg = Debug|Any CPU
		{973B4ABA-E4AC-4F98-9D55-E47B6B65151D}.Debug|Any CPU.Build.0 = Debug|Any CPU
		{973B4ABA-E4AC-4F98-9D55-E47B6B65151D}.Debug|x64.ActiveCfg = Debug|x64
		{973B4ABA-E4AC-4F98-9D55-E47B6B65151D}.Debug|x64.Build.0 = Debug|x64
		{973B4ABA-E4AC-4F98-9D55-E47B6B65151D}.Debug|x86.ActiveCfg = Debug|x86
		{973B4ABA-E4AC-4F98-9D55-E47B6B65151D}.Debug|x86.Build.0 = Debug|x86
		{973B4ABA-E4AC-4F98-9D55-E47B6B65151D}.Release|Any CPU.ActiveCfg = Release|Any CPU
		{973B4ABA-E4AC-4F98-9D55-E47B6B65151D}.Release|Any CPU.Build.0 = Release|Any CPU
		{973B4ABA-E4AC-4F98-9D55-E47B6B65151D}.Release|x64.ActiveCfg = Release|x64
		{973B4ABA-E4AC-4F98-9D55-E47B6B65151D}.Release|x64.Build.0 = Release|x64
		{973B4ABA-E4AC-4F98-9D55-E47B6B65151D}.Release|x86.ActiveCfg = Release|x86
		{973B4ABA-E4AC-4F98-9D55-E47B6B65151D}.Release|x86.Build.0 = Release|x86
		{D766FFE4-79C0-4ED0-90DF-08CEC3FADE28}.Debug|Any CPU.ActiveCfg = Debug|Any CPU
		{D766FFE4-79C0-4ED0-90DF-08CEC3FADE28}.Debug|Any CPU.Build.0 = Debug|Any CPU
		{D766FFE4-79C0-4ED0-90DF-08CEC3FADE28}.Debug|x64.ActiveCfg = Debug|x64
		{D766FFE4-79C0-4ED0-90DF-08CEC3FADE28}.Debug|x64.Build.0 = Debug|x64
		{D766FFE4-79C0-4ED0-90DF-08CEC3FADE28}.Debug|x86.ActiveCfg = Debug|x86
		{D766FFE4-79C0-4ED0-90DF-08CEC3FADE28}.Debug|x86.Build.0 = Debug|x86
		{D766FFE4-79C0-4ED0-90DF-08CEC3FADE28}.Release|Any CPU.ActiveCfg = Release|Any CPU
		{D766FFE4-79C0-4ED0-90DF-08CEC3FADE28}.Release|Any CPU.Build.0 = Release|Any CPU
		{D766FFE4-79C0-4ED0-90DF-08CEC3FADE28}.Release|x64.ActiveCfg = Release|x64
		{D766FFE4-79C0-4ED0-90DF-08CEC3FADE28}.Release|x64.Build.0 = Release|x64
		{D766FFE4-79C0-4ED0-90DF-08CEC3FADE28}.Release|x86.ActiveCfg = Release|x86
		{D766FFE4-79C0-4ED0-90DF-08CEC3FADE28}.Release|x86.Build.0 = Release|x86
		{694D1311-9C8A-40D5-8039-BDD581783611}.Debug|Any CPU.ActiveCfg = Debug|Any CPU
		{694D1311-9C8A-40D5-8039-BDD581783611}.Debug|Any CPU.Build.0 = Debug|Any CPU
		{694D1311-9C8A-40D5-8039-BDD581783611}.Debug|x64.ActiveCfg = Debug|x64
		{694D1311-9C8A-40D5-8039-BDD581783611}.Debug|x64.Build.0 = Debug|x64
		{694D1311-9C8A-40D5-8039-BDD581783611}.Debug|x86.ActiveCfg = Debug|x86
		{694D1311-9C8A-40D5-8039-BDD581783611}.Debug|x86.Build.0 = Debug|x86
		{694D1311-9C8A-40D5-8039-BDD581783611}.Release|Any CPU.ActiveCfg = Release|Any CPU
		{694D1311-9C8A-40D5-8039-BDD581783611}.Release|Any CPU.Build.0 = Release|Any CPU
		{694D1311-9C8A-40D5-8039-BDD581783611}.Release|x64.ActiveCfg = Release|x64
		{694D1311-9C8A-40D5-8039-BDD581783611}.Release|x64.Build.0 = Release|x64
		{694D1311-9C8A-40D5-8039-BDD581783611}.Release|x86.ActiveCfg = Release|x86
		{694D1311-9C8A-40D5-8039-BDD581783611}.Release|x86.Build.0 = Release|x86
		{012CB5D5-18B3-4142-93F9-CE264E2F9C23}.Debug|Any CPU.ActiveCfg = Debug|Any CPU
		{012CB5D5-18B3-4142-93F9-CE264E2F9C23}.Debug|Any CPU.Build.0 = Debug|Any CPU
		{012CB5D5-18B3-4142-93F9-CE264E2F9C23}.Debug|x64.ActiveCfg = Debug|x64
		{012CB5D5-18B3-4142-93F9-CE264E2F9C23}.Debug|x64.Build.0 = Debug|x64
		{012CB5D5-18B3-4142-93F9-CE264E2F9C23}.Debug|x86.ActiveCfg = Debug|x86
		{012CB5D5-18B3-4142-93F9-CE264E2F9C23}.Debug|x86.Build.0 = Debug|x86
		{012CB5D5-18B3-4142-93F9-CE264E2F9C23}.Release|Any CPU.ActiveCfg = Release|Any CPU
		{012CB5D5-18B3-4142-93F9-CE264E2F9C23}.Release|Any CPU.Build.0 = Release|Any CPU
		{012CB5D5-18B3-4142-93F9-CE264E2F9C23}.Release|x64.ActiveCfg = Release|x64
		{012CB5D5-18B3-4142-93F9-CE264E2F9C23}.Release|x64.Build.0 = Release|x64
		{012CB5D5-18B3-4142-93F9-CE264E2F9C23}.Release|x86.ActiveCfg = Release|x86
		{012CB5D5-18B3-4142-93F9-CE264E2F9C23}.Release|x86.Build.0 = Release|x86
		{45332288-9255-44CC-838B-DC69AA233620}.Debug|Any CPU.ActiveCfg = Debug|Any CPU
		{45332288-9255-44CC-838B-DC69AA233620}.Debug|Any CPU.Build.0 = Debug|Any CPU
		{45332288-9255-44CC-838B-DC69AA233620}.Debug|x64.ActiveCfg = Debug|x64
		{45332288-9255-44CC-838B-DC69AA233620}.Debug|x64.Build.0 = Debug|x64
		{45332288-9255-44CC-838B-DC69AA233620}.Debug|x86.ActiveCfg = Debug|x86
		{45332288-9255-44CC-838B-DC69AA233620}.Debug|x86.Build.0 = Debug|x86
		{45332288-9255-44CC-838B-DC69AA233620}.Release|Any CPU.ActiveCfg = Release|Any CPU
		{45332288-9255-44CC-838B-DC69AA233620}.Release|Any CPU.Build.0 = Release|Any CPU
		{45332288-9255-44CC-838B-DC69AA233620}.Release|x64.ActiveCfg = Release|x64
		{45332288-9255-44CC-838B-DC69AA233620}.Release|x64.Build.0 = Release|x64
		{45332288-9255-44CC-838B-DC69AA233620}.Release|x86.ActiveCfg = Release|x86
		{45332288-9255-44CC-838B-DC69AA233620}.Release|x86.Build.0 = Release|x86
		{DBCAD707-2DBC-4AD9-AA4C-D810C040CE20}.Debug|Any CPU.ActiveCfg = Debug|Any CPU
		{DBCAD707-2DBC-4AD9-AA4C-D810C040CE20}.Debug|Any CPU.Build.0 = Debug|Any CPU
		{DBCAD707-2DBC-4AD9-AA4C-D810C040CE20}.Debug|x64.ActiveCfg = Debug|x64
		{DBCAD707-2DBC-4AD9-AA4C-D810C040CE20}.Debug|x64.Build.0 = Debug|x64
		{DBCAD707-2DBC-4AD9-AA4C-D810C040CE20}.Debug|x86.ActiveCfg = Debug|x86
		{DBCAD707-2DBC-4AD9-AA4C-D810C040CE20}.Debug|x86.Build.0 = Debug|x86
		{DBCAD707-2DBC-4AD9-AA4C-D810C040CE20}.Release|Any CPU.ActiveCfg = Release|Any CPU
		{DBCAD707-2DBC-4AD9-AA4C-D810C040CE20}.Release|Any CPU.Build.0 = Release|Any CPU
		{DBCAD707-2DBC-4AD9-AA4C-D810C040CE20}.Release|x64.ActiveCfg = Release|x64
		{DBCAD707-2DBC-4AD9-AA4C-D810C040CE20}.Release|x64.Build.0 = Release|x64
		{DBCAD707-2DBC-4AD9-AA4C-D810C040CE20}.Release|x86.ActiveCfg = Release|x86
		{DBCAD707-2DBC-4AD9-AA4C-D810C040CE20}.Release|x86.Build.0 = Release|x86
		{366A784F-5E02-494B-8AE4-0E2C09944A93}.Debug|Any CPU.ActiveCfg = Debug|Any CPU
		{366A784F-5E02-494B-8AE4-0E2C09944A93}.Debug|Any CPU.Build.0 = Debug|Any CPU
		{366A784F-5E02-494B-8AE4-0E2C09944A93}.Debug|x64.ActiveCfg = Debug|x64
		{366A784F-5E02-494B-8AE4-0E2C09944A93}.Debug|x64.Build.0 = Debug|x64
		{366A784F-5E02-494B-8AE4-0E2C09944A93}.Debug|x86.ActiveCfg = Debug|x86
		{366A784F-5E02-494B-8AE4-0E2C09944A93}.Debug|x86.Build.0 = Debug|x86
		{366A784F-5E02-494B-8AE4-0E2C09944A93}.Release|Any CPU.ActiveCfg = Release|Any CPU
		{366A784F-5E02-494B-8AE4-0E2C09944A93}.Release|Any CPU.Build.0 = Release|Any CPU
		{366A784F-5E02-494B-8AE4-0E2C09944A93}.Release|x64.ActiveCfg = Release|x64
		{366A784F-5E02-494B-8AE4-0E2C09944A93}.Release|x64.Build.0 = Release|x64
		{366A784F-5E02-494B-8AE4-0E2C09944A93}.Release|x86.ActiveCfg = Release|x86
		{366A784F-5E02-494B-8AE4-0E2C09944A93}.Release|x86.Build.0 = Release|x86
		{D77D1924-9FD3-48FA-9DD8-58B96D9CB636}.Debug|Any CPU.ActiveCfg = Debug|Any CPU
		{D77D1924-9FD3-48FA-9DD8-58B96D9CB636}.Debug|Any CPU.Build.0 = Debug|Any CPU
		{D77D1924-9FD3-48FA-9DD8-58B96D9CB636}.Debug|x64.ActiveCfg = Debug|x64
		{D77D1924-9FD3-48FA-9DD8-58B96D9CB636}.Debug|x64.Build.0 = Debug|x64
		{D77D1924-9FD3-48FA-9DD8-58B96D9CB636}.Debug|x86.ActiveCfg = Debug|x86
		{D77D1924-9FD3-48FA-9DD8-58B96D9CB636}.Debug|x86.Build.0 = Debug|x86
		{D77D1924-9FD3-48FA-9DD8-58B96D9CB636}.Release|Any CPU.ActiveCfg = Release|Any CPU
		{D77D1924-9FD3-48FA-9DD8-58B96D9CB636}.Release|Any CPU.Build.0 = Release|Any CPU
		{D77D1924-9FD3-48FA-9DD8-58B96D9CB636}.Release|x64.ActiveCfg = Release|x64
		{D77D1924-9FD3-48FA-9DD8-58B96D9CB636}.Release|x64.Build.0 = Release|x64
		{D77D1924-9FD3-48FA-9DD8-58B96D9CB636}.Release|x86.ActiveCfg = Release|x86
		{D77D1924-9FD3-48FA-9DD8-58B96D9CB636}.Release|x86.Build.0 = Release|x86
		{4069D0E8-02C6-415F-A6A8-4F6BFA75F66D}.Debug|Any CPU.ActiveCfg = Debug|Any CPU
		{4069D0E8-02C6-415F-A6A8-4F6BFA75F66D}.Debug|Any CPU.Build.0 = Debug|Any CPU
		{4069D0E8-02C6-415F-A6A8-4F6BFA75F66D}.Debug|x64.ActiveCfg = Debug|x64
		{4069D0E8-02C6-415F-A6A8-4F6BFA75F66D}.Debug|x64.Build.0 = Debug|x64
		{4069D0E8-02C6-415F-A6A8-4F6BFA75F66D}.Debug|x86.ActiveCfg = Debug|x86
		{4069D0E8-02C6-415F-A6A8-4F6BFA75F66D}.Debug|x86.Build.0 = Debug|x86
		{4069D0E8-02C6-415F-A6A8-4F6BFA75F66D}.Release|Any CPU.ActiveCfg = Release|Any CPU
		{4069D0E8-02C6-415F-A6A8-4F6BFA75F66D}.Release|Any CPU.Build.0 = Release|Any CPU
		{4069D0E8-02C6-415F-A6A8-4F6BFA75F66D}.Release|x64.ActiveCfg = Release|x64
		{4069D0E8-02C6-415F-A6A8-4F6BFA75F66D}.Release|x64.Build.0 = Release|x64
		{4069D0E8-02C6-415F-A6A8-4F6BFA75F66D}.Release|x86.ActiveCfg = Release|x86
		{4069D0E8-02C6-415F-A6A8-4F6BFA75F66D}.Release|x86.Build.0 = Release|x86
		{D97828A7-68F6-4663-BBA7-03B3D0B6ADBC}.Debug|Any CPU.ActiveCfg = Debug|Any CPU
		{D97828A7-68F6-4663-BBA7-03B3D0B6ADBC}.Debug|Any CPU.Build.0 = Debug|Any CPU
		{D97828A7-68F6-4663-BBA7-03B3D0B6ADBC}.Debug|x64.ActiveCfg = Debug|x64
		{D97828A7-68F6-4663-BBA7-03B3D0B6ADBC}.Debug|x64.Build.0 = Debug|x64
		{D97828A7-68F6-4663-BBA7-03B3D0B6ADBC}.Debug|x86.ActiveCfg = Debug|x86
		{D97828A7-68F6-4663-BBA7-03B3D0B6ADBC}.Debug|x86.Build.0 = Debug|x86
		{D97828A7-68F6-4663-BBA7-03B3D0B6ADBC}.Release|Any CPU.ActiveCfg = Release|Any CPU
		{D97828A7-68F6-4663-BBA7-03B3D0B6ADBC}.Release|Any CPU.Build.0 = Release|Any CPU
		{D97828A7-68F6-4663-BBA7-03B3D0B6ADBC}.Release|x64.ActiveCfg = Release|x64
		{D97828A7-68F6-4663-BBA7-03B3D0B6ADBC}.Release|x64.Build.0 = Release|x64
		{D97828A7-68F6-4663-BBA7-03B3D0B6ADBC}.Release|x86.ActiveCfg = Release|x86
		{D97828A7-68F6-4663-BBA7-03B3D0B6ADBC}.Release|x86.Build.0 = Release|x86
		{32B409F0-618B-4435-8C7A-CA4E40CD9C97}.Debug|Any CPU.ActiveCfg = Debug|Any CPU
		{32B409F0-618B-4435-8C7A-CA4E40CD9C97}.Debug|Any CPU.Build.0 = Debug|Any CPU
		{32B409F0-618B-4435-8C7A-CA4E40CD9C97}.Debug|x64.ActiveCfg = Debug|x64
		{32B409F0-618B-4435-8C7A-CA4E40CD9C97}.Debug|x64.Build.0 = Debug|x64
		{32B409F0-618B-4435-8C7A-CA4E40CD9C97}.Debug|x86.ActiveCfg = Debug|x86
		{32B409F0-618B-4435-8C7A-CA4E40CD9C97}.Debug|x86.Build.0 = Debug|x86
		{32B409F0-618B-4435-8C7A-CA4E40CD9C97}.Release|Any CPU.ActiveCfg = Release|Any CPU
		{32B409F0-618B-4435-8C7A-CA4E40CD9C97}.Release|Any CPU.Build.0 = Release|Any CPU
		{32B409F0-618B-4435-8C7A-CA4E40CD9C97}.Release|x64.ActiveCfg = Release|x64
		{32B409F0-618B-4435-8C7A-CA4E40CD9C97}.Release|x64.Build.0 = Release|x64
		{32B409F0-618B-4435-8C7A-CA4E40CD9C97}.Release|x86.ActiveCfg = Release|x86
		{32B409F0-618B-4435-8C7A-CA4E40CD9C97}.Release|x86.Build.0 = Release|x86
		{97A4859D-AE79-4C47-B86C-D70B10991D50}.Debug|Any CPU.ActiveCfg = Debug|Any CPU
		{97A4859D-AE79-4C47-B86C-D70B10991D50}.Debug|Any CPU.Build.0 = Debug|Any CPU
		{97A4859D-AE79-4C47-B86C-D70B10991D50}.Debug|x64.ActiveCfg = Debug|x64
		{97A4859D-AE79-4C47-B86C-D70B10991D50}.Debug|x64.Build.0 = Debug|x64
		{97A4859D-AE79-4C47-B86C-D70B10991D50}.Debug|x86.ActiveCfg = Debug|x86
		{97A4859D-AE79-4C47-B86C-D70B10991D50}.Debug|x86.Build.0 = Debug|x86
		{97A4859D-AE79-4C47-B86C-D70B10991D50}.Release|Any CPU.ActiveCfg = Release|Any CPU
		{97A4859D-AE79-4C47-B86C-D70B10991D50}.Release|Any CPU.Build.0 = Release|Any CPU
		{97A4859D-AE79-4C47-B86C-D70B10991D50}.Release|x64.ActiveCfg = Release|x64
		{97A4859D-AE79-4C47-B86C-D70B10991D50}.Release|x64.Build.0 = Release|x64
		{97A4859D-AE79-4C47-B86C-D70B10991D50}.Release|x86.ActiveCfg = Release|x86
		{97A4859D-AE79-4C47-B86C-D70B10991D50}.Release|x86.Build.0 = Release|x86
		{27D0D700-3156-4CC8-9431-A7C7DB9637E5}.Debug|Any CPU.ActiveCfg = Debug|Any CPU
		{27D0D700-3156-4CC8-9431-A7C7DB9637E5}.Debug|Any CPU.Build.0 = Debug|Any CPU
		{27D0D700-3156-4CC8-9431-A7C7DB9637E5}.Debug|x64.ActiveCfg = Debug|x64
		{27D0D700-3156-4CC8-9431-A7C7DB9637E5}.Debug|x64.Build.0 = Debug|x64
		{27D0D700-3156-4CC8-9431-A7C7DB9637E5}.Debug|x86.ActiveCfg = Debug|x86
		{27D0D700-3156-4CC8-9431-A7C7DB9637E5}.Debug|x86.Build.0 = Debug|x86
		{27D0D700-3156-4CC8-9431-A7C7DB9637E5}.Release|Any CPU.ActiveCfg = Release|Any CPU
		{27D0D700-3156-4CC8-9431-A7C7DB9637E5}.Release|Any CPU.Build.0 = Release|Any CPU
		{27D0D700-3156-4CC8-9431-A7C7DB9637E5}.Release|x64.ActiveCfg = Release|x64
		{27D0D700-3156-4CC8-9431-A7C7DB9637E5}.Release|x64.Build.0 = Release|x64
		{27D0D700-3156-4CC8-9431-A7C7DB9637E5}.Release|x86.ActiveCfg = Release|x86
		{27D0D700-3156-4CC8-9431-A7C7DB9637E5}.Release|x86.Build.0 = Release|x86
		{97F2EA8D-118A-4FF1-B814-989F44C2D4B4}.Debug|Any CPU.ActiveCfg = Debug|Any CPU
		{97F2EA8D-118A-4FF1-B814-989F44C2D4B4}.Debug|Any CPU.Build.0 = Debug|Any CPU
		{97F2EA8D-118A-4FF1-B814-989F44C2D4B4}.Debug|x64.ActiveCfg = Debug|x64
		{97F2EA8D-118A-4FF1-B814-989F44C2D4B4}.Debug|x64.Build.0 = Debug|x64
		{97F2EA8D-118A-4FF1-B814-989F44C2D4B4}.Debug|x86.ActiveCfg = Debug|x86
		{97F2EA8D-118A-4FF1-B814-989F44C2D4B4}.Debug|x86.Build.0 = Debug|x86
		{97F2EA8D-118A-4FF1-B814-989F44C2D4B4}.Release|Any CPU.ActiveCfg = Release|Any CPU
		{97F2EA8D-118A-4FF1-B814-989F44C2D4B4}.Release|Any CPU.Build.0 = Release|Any CPU
		{97F2EA8D-118A-4FF1-B814-989F44C2D4B4}.Release|x64.ActiveCfg = Release|x64
		{97F2EA8D-118A-4FF1-B814-989F44C2D4B4}.Release|x64.Build.0 = Release|x64
		{97F2EA8D-118A-4FF1-B814-989F44C2D4B4}.Release|x86.ActiveCfg = Release|x86
		{97F2EA8D-118A-4FF1-B814-989F44C2D4B4}.Release|x86.Build.0 = Release|x86
		{45923537-5006-4099-8D34-13637C5C6DF7}.Debug|Any CPU.ActiveCfg = Debug|Any CPU
		{45923537-5006-4099-8D34-13637C5C6DF7}.Debug|Any CPU.Build.0 = Debug|Any CPU
		{45923537-5006-4099-8D34-13637C5C6DF7}.Debug|x64.ActiveCfg = Debug|x64
		{45923537-5006-4099-8D34-13637C5C6DF7}.Debug|x64.Build.0 = Debug|x64
		{45923537-5006-4099-8D34-13637C5C6DF7}.Debug|x86.ActiveCfg = Debug|x86
		{45923537-5006-4099-8D34-13637C5C6DF7}.Debug|x86.Build.0 = Debug|x86
		{45923537-5006-4099-8D34-13637C5C6DF7}.Release|Any CPU.ActiveCfg = Release|Any CPU
		{45923537-5006-4099-8D34-13637C5C6DF7}.Release|Any CPU.Build.0 = Release|Any CPU
		{45923537-5006-4099-8D34-13637C5C6DF7}.Release|x64.ActiveCfg = Release|x64
		{45923537-5006-4099-8D34-13637C5C6DF7}.Release|x64.Build.0 = Release|x64
		{45923537-5006-4099-8D34-13637C5C6DF7}.Release|x86.ActiveCfg = Release|x86
		{45923537-5006-4099-8D34-13637C5C6DF7}.Release|x86.Build.0 = Release|x86
		{F6E0FA74-19C2-4DF5-BA60-9838434FDAA9}.Debug|Any CPU.ActiveCfg = Debug|Any CPU
		{F6E0FA74-19C2-4DF5-BA60-9838434FDAA9}.Debug|Any CPU.Build.0 = Debug|Any CPU
		{F6E0FA74-19C2-4DF5-BA60-9838434FDAA9}.Debug|x64.ActiveCfg = Debug|x64
		{F6E0FA74-19C2-4DF5-BA60-9838434FDAA9}.Debug|x64.Build.0 = Debug|x64
		{F6E0FA74-19C2-4DF5-BA60-9838434FDAA9}.Debug|x86.ActiveCfg = Debug|x86
		{F6E0FA74-19C2-4DF5-BA60-9838434FDAA9}.Debug|x86.Build.0 = Debug|x86
		{F6E0FA74-19C2-4DF5-BA60-9838434FDAA9}.Release|Any CPU.ActiveCfg = Release|Any CPU
		{F6E0FA74-19C2-4DF5-BA60-9838434FDAA9}.Release|Any CPU.Build.0 = Release|Any CPU
		{F6E0FA74-19C2-4DF5-BA60-9838434FDAA9}.Release|x64.ActiveCfg = Release|x64
		{F6E0FA74-19C2-4DF5-BA60-9838434FDAA9}.Release|x64.Build.0 = Release|x64
		{F6E0FA74-19C2-4DF5-BA60-9838434FDAA9}.Release|x86.ActiveCfg = Release|x86
		{F6E0FA74-19C2-4DF5-BA60-9838434FDAA9}.Release|x86.Build.0 = Release|x86
		{13DD4FBC-1516-42B0-82BE-60330D80E6BE}.Debug|Any CPU.ActiveCfg = Debug|Any CPU
		{13DD4FBC-1516-42B0-82BE-60330D80E6BE}.Debug|Any CPU.Build.0 = Debug|Any CPU
		{13DD4FBC-1516-42B0-82BE-60330D80E6BE}.Debug|x64.ActiveCfg = Debug|x64
		{13DD4FBC-1516-42B0-82BE-60330D80E6BE}.Debug|x64.Build.0 = Debug|x64
		{13DD4FBC-1516-42B0-82BE-60330D80E6BE}.Debug|x86.ActiveCfg = Debug|x86
		{13DD4FBC-1516-42B0-82BE-60330D80E6BE}.Debug|x86.Build.0 = Debug|x86
		{13DD4FBC-1516-42B0-82BE-60330D80E6BE}.Release|Any CPU.ActiveCfg = Release|Any CPU
		{13DD4FBC-1516-42B0-82BE-60330D80E6BE}.Release|Any CPU.Build.0 = Release|Any CPU
		{13DD4FBC-1516-42B0-82BE-60330D80E6BE}.Release|x64.ActiveCfg = Release|x64
		{13DD4FBC-1516-42B0-82BE-60330D80E6BE}.Release|x64.Build.0 = Release|x64
		{13DD4FBC-1516-42B0-82BE-60330D80E6BE}.Release|x86.ActiveCfg = Release|x86
		{13DD4FBC-1516-42B0-82BE-60330D80E6BE}.Release|x86.Build.0 = Release|x86
		{04B9367E-E985-4763-A4C1-B73372DC7C65}.Debug|Any CPU.ActiveCfg = Debug|Any CPU
		{04B9367E-E985-4763-A4C1-B73372DC7C65}.Debug|Any CPU.Build.0 = Debug|Any CPU
		{04B9367E-E985-4763-A4C1-B73372DC7C65}.Debug|x64.ActiveCfg = Debug|x64
		{04B9367E-E985-4763-A4C1-B73372DC7C65}.Debug|x64.Build.0 = Debug|x64
		{04B9367E-E985-4763-A4C1-B73372DC7C65}.Debug|x86.ActiveCfg = Debug|x86
		{04B9367E-E985-4763-A4C1-B73372DC7C65}.Debug|x86.Build.0 = Debug|x86
		{04B9367E-E985-4763-A4C1-B73372DC7C65}.Release|Any CPU.ActiveCfg = Release|Any CPU
		{04B9367E-E985-4763-A4C1-B73372DC7C65}.Release|Any CPU.Build.0 = Release|Any CPU
		{04B9367E-E985-4763-A4C1-B73372DC7C65}.Release|x64.ActiveCfg = Release|x64
		{04B9367E-E985-4763-A4C1-B73372DC7C65}.Release|x64.Build.0 = Release|x64
		{04B9367E-E985-4763-A4C1-B73372DC7C65}.Release|x86.ActiveCfg = Release|x86
		{04B9367E-E985-4763-A4C1-B73372DC7C65}.Release|x86.Build.0 = Release|x86
		{683716F1-79A5-4E76-B059-AD9CC58AA4EC}.Debug|Any CPU.ActiveCfg = Debug|Any CPU
		{683716F1-79A5-4E76-B059-AD9CC58AA4EC}.Debug|Any CPU.Build.0 = Debug|Any CPU
		{683716F1-79A5-4E76-B059-AD9CC58AA4EC}.Debug|x64.ActiveCfg = Debug|x64
		{683716F1-79A5-4E76-B059-AD9CC58AA4EC}.Debug|x64.Build.0 = Debug|x64
		{683716F1-79A5-4E76-B059-AD9CC58AA4EC}.Debug|x86.ActiveCfg = Debug|x86
		{683716F1-79A5-4E76-B059-AD9CC58AA4EC}.Debug|x86.Build.0 = Debug|x86
		{683716F1-79A5-4E76-B059-AD9CC58AA4EC}.Release|Any CPU.ActiveCfg = Release|Any CPU
		{683716F1-79A5-4E76-B059-AD9CC58AA4EC}.Release|Any CPU.Build.0 = Release|Any CPU
		{683716F1-79A5-4E76-B059-AD9CC58AA4EC}.Release|x64.ActiveCfg = Release|x64
		{683716F1-79A5-4E76-B059-AD9CC58AA4EC}.Release|x64.Build.0 = Release|x64
		{683716F1-79A5-4E76-B059-AD9CC58AA4EC}.Release|x86.ActiveCfg = Release|x86
		{683716F1-79A5-4E76-B059-AD9CC58AA4EC}.Release|x86.Build.0 = Release|x86
		{F1F14F9E-1B17-4905-AA80-4E9075870003}.Debug|Any CPU.ActiveCfg = Debug|Any CPU
		{F1F14F9E-1B17-4905-AA80-4E9075870003}.Debug|Any CPU.Build.0 = Debug|Any CPU
		{F1F14F9E-1B17-4905-AA80-4E9075870003}.Debug|x64.ActiveCfg = Debug|x64
		{F1F14F9E-1B17-4905-AA80-4E9075870003}.Debug|x64.Build.0 = Debug|x64
		{F1F14F9E-1B17-4905-AA80-4E9075870003}.Debug|x86.ActiveCfg = Debug|x86
		{F1F14F9E-1B17-4905-AA80-4E9075870003}.Debug|x86.Build.0 = Debug|x86
		{F1F14F9E-1B17-4905-AA80-4E9075870003}.Release|Any CPU.ActiveCfg = Release|Any CPU
		{F1F14F9E-1B17-4905-AA80-4E9075870003}.Release|Any CPU.Build.0 = Release|Any CPU
		{F1F14F9E-1B17-4905-AA80-4E9075870003}.Release|x64.ActiveCfg = Release|x64
		{F1F14F9E-1B17-4905-AA80-4E9075870003}.Release|x64.Build.0 = Release|x64
		{F1F14F9E-1B17-4905-AA80-4E9075870003}.Release|x86.ActiveCfg = Release|x86
		{F1F14F9E-1B17-4905-AA80-4E9075870003}.Release|x86.Build.0 = Release|x86
		{77458873-6C55-4D11-B869-B6F4D690089F}.Debug|Any CPU.ActiveCfg = Debug|Any CPU
		{77458873-6C55-4D11-B869-B6F4D690089F}.Debug|Any CPU.Build.0 = Debug|Any CPU
		{77458873-6C55-4D11-B869-B6F4D690089F}.Debug|x64.ActiveCfg = Debug|x64
		{77458873-6C55-4D11-B869-B6F4D690089F}.Debug|x64.Build.0 = Debug|x64
		{77458873-6C55-4D11-B869-B6F4D690089F}.Debug|x86.ActiveCfg = Debug|x86
		{77458873-6C55-4D11-B869-B6F4D690089F}.Debug|x86.Build.0 = Debug|x86
		{77458873-6C55-4D11-B869-B6F4D690089F}.Release|Any CPU.ActiveCfg = Release|Any CPU
		{77458873-6C55-4D11-B869-B6F4D690089F}.Release|Any CPU.Build.0 = Release|Any CPU
		{77458873-6C55-4D11-B869-B6F4D690089F}.Release|x64.ActiveCfg = Release|x64
		{77458873-6C55-4D11-B869-B6F4D690089F}.Release|x64.Build.0 = Release|x64
		{77458873-6C55-4D11-B869-B6F4D690089F}.Release|x86.ActiveCfg = Release|x86
		{77458873-6C55-4D11-B869-B6F4D690089F}.Release|x86.Build.0 = Release|x86
		{69712911-60B9-431E-BD1D-BE583F2FCD5E}.Debug|Any CPU.ActiveCfg = Debug|Any CPU
		{69712911-60B9-431E-BD1D-BE583F2FCD5E}.Debug|Any CPU.Build.0 = Debug|Any CPU
		{69712911-60B9-431E-BD1D-BE583F2FCD5E}.Debug|x64.ActiveCfg = Debug|x64
		{69712911-60B9-431E-BD1D-BE583F2FCD5E}.Debug|x64.Build.0 = Debug|x64
		{69712911-60B9-431E-BD1D-BE583F2FCD5E}.Debug|x86.ActiveCfg = Debug|x86
		{69712911-60B9-431E-BD1D-BE583F2FCD5E}.Debug|x86.Build.0 = Debug|x86
		{69712911-60B9-431E-BD1D-BE583F2FCD5E}.Release|Any CPU.ActiveCfg = Release|Any CPU
		{69712911-60B9-431E-BD1D-BE583F2FCD5E}.Release|Any CPU.Build.0 = Release|Any CPU
		{69712911-60B9-431E-BD1D-BE583F2FCD5E}.Release|x64.ActiveCfg = Release|x64
		{69712911-60B9-431E-BD1D-BE583F2FCD5E}.Release|x64.Build.0 = Release|x64
		{69712911-60B9-431E-BD1D-BE583F2FCD5E}.Release|x86.ActiveCfg = Release|x86
		{69712911-60B9-431E-BD1D-BE583F2FCD5E}.Release|x86.Build.0 = Release|x86
		{8928512F-5777-4815-A357-065DCA2D9136}.Debug|Any CPU.ActiveCfg = Debug|Any CPU
		{8928512F-5777-4815-A357-065DCA2D9136}.Debug|Any CPU.Build.0 = Debug|Any CPU
		{8928512F-5777-4815-A357-065DCA2D9136}.Debug|x64.ActiveCfg = Debug|x64
		{8928512F-5777-4815-A357-065DCA2D9136}.Debug|x64.Build.0 = Debug|x64
		{8928512F-5777-4815-A357-065DCA2D9136}.Debug|x86.ActiveCfg = Debug|x86
		{8928512F-5777-4815-A357-065DCA2D9136}.Debug|x86.Build.0 = Debug|x86
		{8928512F-5777-4815-A357-065DCA2D9136}.Release|Any CPU.ActiveCfg = Release|Any CPU
		{8928512F-5777-4815-A357-065DCA2D9136}.Release|Any CPU.Build.0 = Release|Any CPU
		{8928512F-5777-4815-A357-065DCA2D9136}.Release|x64.ActiveCfg = Release|x64
		{8928512F-5777-4815-A357-065DCA2D9136}.Release|x64.Build.0 = Release|x64
		{8928512F-5777-4815-A357-065DCA2D9136}.Release|x86.ActiveCfg = Release|x86
		{8928512F-5777-4815-A357-065DCA2D9136}.Release|x86.Build.0 = Release|x86
		{F0A9FA41-3162-4487-8762-00BFF25C0BF5}.Debug|Any CPU.ActiveCfg = Debug|Any CPU
		{F0A9FA41-3162-4487-8762-00BFF25C0BF5}.Debug|Any CPU.Build.0 = Debug|Any CPU
		{F0A9FA41-3162-4487-8762-00BFF25C0BF5}.Debug|x64.ActiveCfg = Debug|x64
		{F0A9FA41-3162-4487-8762-00BFF25C0BF5}.Debug|x64.Build.0 = Debug|x64
		{F0A9FA41-3162-4487-8762-00BFF25C0BF5}.Debug|x86.ActiveCfg = Debug|x86
		{F0A9FA41-3162-4487-8762-00BFF25C0BF5}.Debug|x86.Build.0 = Debug|x86
		{F0A9FA41-3162-4487-8762-00BFF25C0BF5}.Release|Any CPU.ActiveCfg = Release|Any CPU
		{F0A9FA41-3162-4487-8762-00BFF25C0BF5}.Release|Any CPU.Build.0 = Release|Any CPU
		{F0A9FA41-3162-4487-8762-00BFF25C0BF5}.Release|x64.ActiveCfg = Release|x64
		{F0A9FA41-3162-4487-8762-00BFF25C0BF5}.Release|x64.Build.0 = Release|x64
		{F0A9FA41-3162-4487-8762-00BFF25C0BF5}.Release|x86.ActiveCfg = Release|x86
		{F0A9FA41-3162-4487-8762-00BFF25C0BF5}.Release|x86.Build.0 = Release|x86
		{AB393EC9-5FA0-4C3E-A28F-BB8B611422A1}.Debug|Any CPU.ActiveCfg = Debug|Any CPU
		{AB393EC9-5FA0-4C3E-A28F-BB8B611422A1}.Debug|Any CPU.Build.0 = Debug|Any CPU
		{AB393EC9-5FA0-4C3E-A28F-BB8B611422A1}.Debug|x64.ActiveCfg = Debug|x64
		{AB393EC9-5FA0-4C3E-A28F-BB8B611422A1}.Debug|x64.Build.0 = Debug|x64
		{AB393EC9-5FA0-4C3E-A28F-BB8B611422A1}.Debug|x86.ActiveCfg = Debug|x86
		{AB393EC9-5FA0-4C3E-A28F-BB8B611422A1}.Debug|x86.Build.0 = Debug|x86
		{AB393EC9-5FA0-4C3E-A28F-BB8B611422A1}.Release|Any CPU.ActiveCfg = Release|Any CPU
		{AB393EC9-5FA0-4C3E-A28F-BB8B611422A1}.Release|Any CPU.Build.0 = Release|Any CPU
		{AB393EC9-5FA0-4C3E-A28F-BB8B611422A1}.Release|x64.ActiveCfg = Release|x64
		{AB393EC9-5FA0-4C3E-A28F-BB8B611422A1}.Release|x64.Build.0 = Release|x64
		{AB393EC9-5FA0-4C3E-A28F-BB8B611422A1}.Release|x86.ActiveCfg = Release|x86
		{AB393EC9-5FA0-4C3E-A28F-BB8B611422A1}.Release|x86.Build.0 = Release|x86
		{15FBF9CE-DBB8-43E7-8D41-E994BE189209}.Debug|Any CPU.ActiveCfg = Debug|Any CPU
		{15FBF9CE-DBB8-43E7-8D41-E994BE189209}.Debug|Any CPU.Build.0 = Debug|Any CPU
		{15FBF9CE-DBB8-43E7-8D41-E994BE189209}.Debug|x64.ActiveCfg = Debug|x64
		{15FBF9CE-DBB8-43E7-8D41-E994BE189209}.Debug|x64.Build.0 = Debug|x64
		{15FBF9CE-DBB8-43E7-8D41-E994BE189209}.Debug|x86.ActiveCfg = Debug|x86
		{15FBF9CE-DBB8-43E7-8D41-E994BE189209}.Debug|x86.Build.0 = Debug|x86
		{15FBF9CE-DBB8-43E7-8D41-E994BE189209}.Release|Any CPU.ActiveCfg = Release|Any CPU
		{15FBF9CE-DBB8-43E7-8D41-E994BE189209}.Release|Any CPU.Build.0 = Release|Any CPU
		{15FBF9CE-DBB8-43E7-8D41-E994BE189209}.Release|x64.ActiveCfg = Release|x64
		{15FBF9CE-DBB8-43E7-8D41-E994BE189209}.Release|x64.Build.0 = Release|x64
		{15FBF9CE-DBB8-43E7-8D41-E994BE189209}.Release|x86.ActiveCfg = Release|x86
		{15FBF9CE-DBB8-43E7-8D41-E994BE189209}.Release|x86.Build.0 = Release|x86
	EndGlobalSection
	GlobalSection(NestedProjects) = preSolution
		{BBF0D545-D43A-467E-B82F-489F62509703} = {3DC8B58B-49AE-4F17-A27B-91038FFC8AB9}
		{D7CE1C56-2895-4453-9589-3E0735A5406A} = {3DC8B58B-49AE-4F17-A27B-91038FFC8AB9}
		{F3EF7279-E6EF-4236-AB3B-A3BEE23D6AC7} = {3DC8B58B-49AE-4F17-A27B-91038FFC8AB9}
		{BF9A9BFB-4C5A-4D9B-9A02-25B74DDDE843} = {3DC8B58B-49AE-4F17-A27B-91038FFC8AB9}
		{7B216491-14C9-4B77-9C3D-E3C5D73CEE47} = {3DC8B58B-49AE-4F17-A27B-91038FFC8AB9}
		{2223C40D-37A3-4A4A-944C-14AD69F00781} = {3DC8B58B-49AE-4F17-A27B-91038FFC8AB9}
		{91EEB8DA-863E-4388-AA3B-14625F1B5EBC} = {3DC8B58B-49AE-4F17-A27B-91038FFC8AB9}
		{1FD2C222-AF40-46EC-82CA-B5F354967E8D} = {3DC8B58B-49AE-4F17-A27B-91038FFC8AB9}
		{62B1D723-5C77-4C99-93F9-0A85EE1BAC33} = {3DC8B58B-49AE-4F17-A27B-91038FFC8AB9}
		{0B9BB555-842E-43FB-AA7F-7E9920685E69} = {3DC8B58B-49AE-4F17-A27B-91038FFC8AB9}
		{9B2AFB74-E1F6-4B07-9FF9-BF9796090A82} = {3DC8B58B-49AE-4F17-A27B-91038FFC8AB9}
		{E4B832AC-4AC8-4F43-B82C-1BB5C7C51AD4} = {3DC8B58B-49AE-4F17-A27B-91038FFC8AB9}
		{98C55799-3DE2-4482-8979-83E02AE0A448} = {3DC8B58B-49AE-4F17-A27B-91038FFC8AB9}
		{06E44C18-4467-48C2-B849-5A984685DBCE} = {3DC8B58B-49AE-4F17-A27B-91038FFC8AB9}
		{DEFBF3EA-8A89-4DD3-912C-0EB7614CFA9B} = {3DC8B58B-49AE-4F17-A27B-91038FFC8AB9}
		{28D552F3-6A86-4B9F-B0BD-8D0EE7970B8F} = {3DC8B58B-49AE-4F17-A27B-91038FFC8AB9}
		{6FCE2DCC-105F-47C8-BEB9-4F0E6C1EA0BA} = {3DC8B58B-49AE-4F17-A27B-91038FFC8AB9}
		{0846F276-4939-4DC2-91EF-E39E21E35DC2} = {3DC8B58B-49AE-4F17-A27B-91038FFC8AB9}
		{BFA41878-8F60-4B67-9EA2-C7D6488DECEC} = {3DC8B58B-49AE-4F17-A27B-91038FFC8AB9}
		{973B4ABA-E4AC-4F98-9D55-E47B6B65151D} = {3DC8B58B-49AE-4F17-A27B-91038FFC8AB9}
		{D766FFE4-79C0-4ED0-90DF-08CEC3FADE28} = {3DC8B58B-49AE-4F17-A27B-91038FFC8AB9}
		{694D1311-9C8A-40D5-8039-BDD581783611} = {3DC8B58B-49AE-4F17-A27B-91038FFC8AB9}
		{012CB5D5-18B3-4142-93F9-CE264E2F9C23} = {3DC8B58B-49AE-4F17-A27B-91038FFC8AB9}
		{45332288-9255-44CC-838B-DC69AA233620} = {3DC8B58B-49AE-4F17-A27B-91038FFC8AB9}
		{DBCAD707-2DBC-4AD9-AA4C-D810C040CE20} = {3DC8B58B-49AE-4F17-A27B-91038FFC8AB9}
		{366A784F-5E02-494B-8AE4-0E2C09944A93} = {3DC8B58B-49AE-4F17-A27B-91038FFC8AB9}
		{D77D1924-9FD3-48FA-9DD8-58B96D9CB636} = {86F5D258-B8C4-4A75-B518-7CD174E4FF63}
		{32B409F0-618B-4435-8C7A-CA4E40CD9C97} = {D1131B01-FFE1-4BB4-84DB-C5CDBBF6BF87}
		{97A4859D-AE79-4C47-B86C-D70B10991D50} = {D1131B01-FFE1-4BB4-84DB-C5CDBBF6BF87}
		{27D0D700-3156-4CC8-9431-A7C7DB9637E5} = {86F5D258-B8C4-4A75-B518-7CD174E4FF63}
		{97F2EA8D-118A-4FF1-B814-989F44C2D4B4} = {86F5D258-B8C4-4A75-B518-7CD174E4FF63}
		{45923537-5006-4099-8D34-13637C5C6DF7} = {86F5D258-B8C4-4A75-B518-7CD174E4FF63}
		{F6E0FA74-19C2-4DF5-BA60-9838434FDAA9} = {3DC8B58B-49AE-4F17-A27B-91038FFC8AB9}
		{13DD4FBC-1516-42B0-82BE-60330D80E6BE} = {86F5D258-B8C4-4A75-B518-7CD174E4FF63}
		{04B9367E-E985-4763-A4C1-B73372DC7C65} = {3DC8B58B-49AE-4F17-A27B-91038FFC8AB9}
		{683716F1-79A5-4E76-B059-AD9CC58AA4EC} = {3DC8B58B-49AE-4F17-A27B-91038FFC8AB9}
		{F1F14F9E-1B17-4905-AA80-4E9075870003} = {86F5D258-B8C4-4A75-B518-7CD174E4FF63}
		{77458873-6C55-4D11-B869-B6F4D690089F} = {3DC8B58B-49AE-4F17-A27B-91038FFC8AB9}
		{D854C97F-6518-4C48-A04A-6D2D97BEB230} = {3DC8B58B-49AE-4F17-A27B-91038FFC8AB9}
		{69712911-60B9-431E-BD1D-BE583F2FCD5E} = {D854C97F-6518-4C48-A04A-6D2D97BEB230}
		{8928512F-5777-4815-A357-065DCA2D9136} = {3DC8B58B-49AE-4F17-A27B-91038FFC8AB9}
		{F0A9FA41-3162-4487-8762-00BFF25C0BF5} = {3DC8B58B-49AE-4F17-A27B-91038FFC8AB9}
		{AB393EC9-5FA0-4C3E-A28F-BB8B611422A1} = {3DC8B58B-49AE-4F17-A27B-91038FFC8AB9}
		{15FBF9CE-DBB8-43E7-8D41-E994BE189209} = {3DC8B58B-49AE-4F17-A27B-91038FFC8AB9}
	EndGlobalSection
EndGlobal
