
Microsoft Visual Studio Solution File, Format Version 12.00
# Visual Studio 14
VisualStudioVersion = 14.0.25123.0
MinimumVisualStudioVersion = 10.0.40219.1
Project("{FAE04EC0-301F-11D3-BF4B-00C04F79EFBC}") = "SharpIrcBot", "SharpIrcBot\SharpIrcBot.csproj", "{EE95358B-9655-41C6-A76C-113A6EB455F2}"
EndProject
Project("{2150E333-8FDC-42A3-9474-1A3956D46DE8}") = "Libraries", "Libraries", "{A742AD7D-34D4-4CA2-A381-AF4E8CEC439B}"
EndProject
Project("{FAE04EC0-301F-11D3-BF4B-00C04F79EFBC}") = "SmartIrc4net", "Libraries\SmartIrc4net\SmartIrc4net.csproj", "{91D3003B-7E65-4EAF-8EE1-DA43832E7A9C}"
EndProject
Project("{FAE04EC0-301F-11D3-BF4B-00C04F79EFBC}") = "StarkSoftProxy", "Libraries\SmartIrc4net\src\starksoftproxy\StarkSoftProxy.csproj", "{3F8CF2C1-EA37-444F-8693-A3A00B1131D2}"
EndProject
Project("{2150E333-8FDC-42A3-9474-1A3956D46DE8}") = "Plugins", "Plugins", "{38B2DE66-B368-4274-A9EE-ACC23B38A636}"
	ProjectSection(MonoDevelopProperties) = preProject
		Policies = $0
		$0.DotNetNamingPolicy = $1
		$1.DirectoryNamespaceAssociation = PrefixedHierarchical
		$1.ResourceNamePolicy = FileFormatDefault
	EndProjectSection
EndProject
Project("{FAE04EC0-301F-11D3-BF4B-00C04F79EFBC}") = "Belch", "Plugins\Belch\Belch.csproj", "{18557B38-6101-4D85-887F-8B73D67D785D}"
EndProject
Project("{FAE04EC0-301F-11D3-BF4B-00C04F79EFBC}") = "Messenger", "Plugins\Messenger\Messenger.csproj", "{2E43C7AD-16E8-43C1-9E56-04C46CFAB67D}"
EndProject
Project("{FAE04EC0-301F-11D3-BF4B-00C04F79EFBC}") = "GroupPressure", "Plugins\GroupPressure\GroupPressure.csproj", "{C1721433-D146-4D7D-849F-AE67902DB5B1}"
EndProject
Project("{FAE04EC0-301F-11D3-BF4B-00C04F79EFBC}") = "UnoBot", "Plugins\UnoBot\UnoBot.csproj", "{C16E3221-1F74-4BBA-8B76-EA2D662A947E}"
EndProject
Project("{FAE04EC0-301F-11D3-BF4B-00C04F79EFBC}") = "Sockpuppet", "Plugins\Sockpuppet\Sockpuppet.csproj", "{E1EA42B0-941F-4FD6-88D0-41C1415C560F}"
EndProject
Project("{FAE04EC0-301F-11D3-BF4B-00C04F79EFBC}") = "LinkInfo", "Plugins\LinkInfo\LinkInfo.csproj", "{55ABE756-3370-4B31-9765-2422433D0196}"
EndProject
Project("{FAE04EC0-301F-11D3-BF4B-00C04F79EFBC}") = "Smileys", "Plugins\Smileys\Smileys.csproj", "{19C05E80-3FB8-454B-985B-C502388074FE}"
EndProject
Project("{FAE04EC0-301F-11D3-BF4B-00C04F79EFBC}") = "Quotes", "Plugins\Quotes\Quotes.csproj", "{863BBD9E-3083-4102-A77F-825BDE894971}"
EndProject
Project("{FAE04EC0-301F-11D3-BF4B-00C04F79EFBC}") = "WhoisLoginNickMapping", "Plugins\WhoisLoginNickMapping\WhoisLoginNickMapping.csproj", "{044981CB-C231-428B-901B-BEA6745E75DB}"
EndProject
Project("{FAE04EC0-301F-11D3-BF4B-00C04F79EFBC}") = "IdentityNickMapping", "Plugins\IdentityNickMapping\IdentityNickMapping.csproj", "{D33BD230-4A2C-4362-8C11-56FF63F61F09}"
EndProject
Project("{FAE04EC0-301F-11D3-BF4B-00C04F79EFBC}") = "DatabaseNickMapping", "Plugins\DatabaseNickMapping\DatabaseNickMapping.csproj", "{30489C43-A5C4-4082-B28B-A0B9CE5FACB8}"
EndProject
Project("{FAE04EC0-301F-11D3-BF4B-00C04F79EFBC}") = "NewYear", "Plugins\NewYear\NewYear.csproj", "{D6E6E3F9-9C07-45F6-A4C1-24D61F853E05}"
EndProject
Project("{FAE04EC0-301F-11D3-BF4B-00C04F79EFBC}") = "Punt", "Plugins\Punt\Punt.csproj", "{919F4D12-A01B-4C18-8BD9-EC4EF10F0D85}"
EndProject
Project("{FAE04EC0-301F-11D3-BF4B-00C04F79EFBC}") = "DontJustHighlightMe", "Plugins\DontJustHighlightMe\DontJustHighlightMe.csproj", "{18D26FBB-92C0-4F00-B7B1-7FE5E10BC7E9}"
EndProject
Project("{FAE04EC0-301F-11D3-BF4B-00C04F79EFBC}") = "SharpIrcBotCLI", "SharpIrcBotCLI\SharpIrcBotCLI.csproj", "{FE1A6133-94D1-4357-8E72-CF1869E2EFDF}"
EndProject
Project("{FAE04EC0-301F-11D3-BF4B-00C04F79EFBC}") = "Thanks", "Plugins\Thanks\Thanks.csproj", "{F28CE9BF-5055-4BF7-BE48-3F083AC0CA5A}"
EndProject
Project("{FAE04EC0-301F-11D3-BF4B-00C04F79EFBC}") = "Allograph", "Plugins\Allograph\Allograph.csproj", "{280C7F7E-EB57-4A88-B2E5-A07D71ECF8CD}"
EndProject
Project("{FAE04EC0-301F-11D3-BF4B-00C04F79EFBC}") = "TextCommands", "Plugins\TextCommands\TextCommands.csproj", "{50975992-4CB9-4877-8B0B-7B84EC88021D}"
EndProject
Project("{FAE04EC0-301F-11D3-BF4B-00C04F79EFBC}") = "Dice", "Plugins\Dice\Dice.csproj", "{FE45E799-BE4F-4701-96C3-88B13F391284}"
EndProject
Project("{FAE04EC0-301F-11D3-BF4B-00C04F79EFBC}") = "Weather", "Plugins\Weather\Weather.csproj", "{DE3CF485-0B6A-426C-8BCE-5C910CD67594}"
EndProject
Project("{FAE04EC0-301F-11D3-BF4B-00C04F79EFBC}") = "Reinvite", "Plugins\Reinvite\Reinvite.csproj", "{5B83A981-96E3-450D-83DC-1039C99B6EBE}"
EndProject
Project("{FAE04EC0-301F-11D3-BF4B-00C04F79EFBC}") = "AlsoKnownAs", "Plugins\AlsoKnownAs\AlsoKnownAs.csproj", "{97310AE0-EBA3-449C-B637-946AC7BD7AC5}"
EndProject
Project("{2150E333-8FDC-42A3-9474-1A3956D46DE8}") = "Tests", "Tests", "{21DD8582-2528-4711-80CC-2F16A1367313}"
EndProject
Project("{FAE04EC0-301F-11D3-BF4B-00C04F79EFBC}") = "SharpIrcBotTests", "Tests\SharpIrcBotTests\SharpIrcBotTests.csproj", "{9E3FB077-7B22-42C2-83A2-BA551CE4F46B}"
EndProject
Project("{FAE04EC0-301F-11D3-BF4B-00C04F79EFBC}") = "RegexTests", "Tests\RegexTests\RegexTests.csproj", "{87B9331D-E2F1-4187-8718-98F5392C7CB7}"
EndProject
Project("{FAE04EC0-301F-11D3-BF4B-00C04F79EFBC}") = "LinkInfoOptIn", "Plugins\LinkInfoOptIn\LinkInfoOptIn.csproj", "{C2AB1359-2E42-4770-8253-D148E761B345}"
EndProject
Project("{FAE04EC0-301F-11D3-BF4B-00C04F79EFBC}") = "LinkInfoTests", "Tests\LinkInfoTests\LinkInfoTests.csproj", "{D60884F2-C576-48FD-A631-8CA3B8E66BB9}"
EndProject
Global
	GlobalSection(SolutionConfigurationPlatforms) = preSolution
		Debug|Any CPU = Debug|Any CPU
		Release|Any CPU = Release|Any CPU
	EndGlobalSection
	GlobalSection(ProjectConfigurationPlatforms) = postSolution
		{EE95358B-9655-41C6-A76C-113A6EB455F2}.Debug|Any CPU.ActiveCfg = Debug|Any CPU
		{EE95358B-9655-41C6-A76C-113A6EB455F2}.Debug|Any CPU.Build.0 = Debug|Any CPU
		{EE95358B-9655-41C6-A76C-113A6EB455F2}.Release|Any CPU.ActiveCfg = Release|Any CPU
		{EE95358B-9655-41C6-A76C-113A6EB455F2}.Release|Any CPU.Build.0 = Release|Any CPU
		{91D3003B-7E65-4EAF-8EE1-DA43832E7A9C}.Debug|Any CPU.ActiveCfg = Debug|Any CPU
		{91D3003B-7E65-4EAF-8EE1-DA43832E7A9C}.Debug|Any CPU.Build.0 = Debug|Any CPU
		{91D3003B-7E65-4EAF-8EE1-DA43832E7A9C}.Release|Any CPU.ActiveCfg = Release|Any CPU
		{91D3003B-7E65-4EAF-8EE1-DA43832E7A9C}.Release|Any CPU.Build.0 = Release|Any CPU
		{3F8CF2C1-EA37-444F-8693-A3A00B1131D2}.Debug|Any CPU.ActiveCfg = Debug|Any CPU
		{3F8CF2C1-EA37-444F-8693-A3A00B1131D2}.Debug|Any CPU.Build.0 = Debug|Any CPU
		{3F8CF2C1-EA37-444F-8693-A3A00B1131D2}.Release|Any CPU.ActiveCfg = Release|Any CPU
		{3F8CF2C1-EA37-444F-8693-A3A00B1131D2}.Release|Any CPU.Build.0 = Release|Any CPU
		{18557B38-6101-4D85-887F-8B73D67D785D}.Debug|Any CPU.ActiveCfg = Debug|Any CPU
		{18557B38-6101-4D85-887F-8B73D67D785D}.Debug|Any CPU.Build.0 = Debug|Any CPU
		{18557B38-6101-4D85-887F-8B73D67D785D}.Release|Any CPU.ActiveCfg = Release|Any CPU
		{18557B38-6101-4D85-887F-8B73D67D785D}.Release|Any CPU.Build.0 = Release|Any CPU
		{2E43C7AD-16E8-43C1-9E56-04C46CFAB67D}.Debug|Any CPU.ActiveCfg = Debug|Any CPU
		{2E43C7AD-16E8-43C1-9E56-04C46CFAB67D}.Debug|Any CPU.Build.0 = Debug|Any CPU
		{2E43C7AD-16E8-43C1-9E56-04C46CFAB67D}.Release|Any CPU.ActiveCfg = Release|Any CPU
		{2E43C7AD-16E8-43C1-9E56-04C46CFAB67D}.Release|Any CPU.Build.0 = Release|Any CPU
		{C1721433-D146-4D7D-849F-AE67902DB5B1}.Debug|Any CPU.ActiveCfg = Debug|Any CPU
		{C1721433-D146-4D7D-849F-AE67902DB5B1}.Debug|Any CPU.Build.0 = Debug|Any CPU
		{C1721433-D146-4D7D-849F-AE67902DB5B1}.Release|Any CPU.ActiveCfg = Release|Any CPU
		{C1721433-D146-4D7D-849F-AE67902DB5B1}.Release|Any CPU.Build.0 = Release|Any CPU
		{C16E3221-1F74-4BBA-8B76-EA2D662A947E}.Debug|Any CPU.ActiveCfg = Debug|Any CPU
		{C16E3221-1F74-4BBA-8B76-EA2D662A947E}.Debug|Any CPU.Build.0 = Debug|Any CPU
		{C16E3221-1F74-4BBA-8B76-EA2D662A947E}.Release|Any CPU.ActiveCfg = Release|Any CPU
		{C16E3221-1F74-4BBA-8B76-EA2D662A947E}.Release|Any CPU.Build.0 = Release|Any CPU
		{E1EA42B0-941F-4FD6-88D0-41C1415C560F}.Debug|Any CPU.ActiveCfg = Debug|Any CPU
		{E1EA42B0-941F-4FD6-88D0-41C1415C560F}.Debug|Any CPU.Build.0 = Debug|Any CPU
		{E1EA42B0-941F-4FD6-88D0-41C1415C560F}.Release|Any CPU.ActiveCfg = Release|Any CPU
		{E1EA42B0-941F-4FD6-88D0-41C1415C560F}.Release|Any CPU.Build.0 = Release|Any CPU
		{55ABE756-3370-4B31-9765-2422433D0196}.Debug|Any CPU.ActiveCfg = Debug|Any CPU
		{55ABE756-3370-4B31-9765-2422433D0196}.Debug|Any CPU.Build.0 = Debug|Any CPU
		{55ABE756-3370-4B31-9765-2422433D0196}.Release|Any CPU.ActiveCfg = Release|Any CPU
		{55ABE756-3370-4B31-9765-2422433D0196}.Release|Any CPU.Build.0 = Release|Any CPU
		{19C05E80-3FB8-454B-985B-C502388074FE}.Debug|Any CPU.ActiveCfg = Debug|Any CPU
		{19C05E80-3FB8-454B-985B-C502388074FE}.Debug|Any CPU.Build.0 = Debug|Any CPU
		{19C05E80-3FB8-454B-985B-C502388074FE}.Release|Any CPU.ActiveCfg = Release|Any CPU
		{19C05E80-3FB8-454B-985B-C502388074FE}.Release|Any CPU.Build.0 = Release|Any CPU
		{863BBD9E-3083-4102-A77F-825BDE894971}.Debug|Any CPU.ActiveCfg = Debug|Any CPU
		{863BBD9E-3083-4102-A77F-825BDE894971}.Debug|Any CPU.Build.0 = Debug|Any CPU
		{863BBD9E-3083-4102-A77F-825BDE894971}.Release|Any CPU.ActiveCfg = Release|Any CPU
		{863BBD9E-3083-4102-A77F-825BDE894971}.Release|Any CPU.Build.0 = Release|Any CPU
		{044981CB-C231-428B-901B-BEA6745E75DB}.Debug|Any CPU.ActiveCfg = Debug|Any CPU
		{044981CB-C231-428B-901B-BEA6745E75DB}.Debug|Any CPU.Build.0 = Debug|Any CPU
		{044981CB-C231-428B-901B-BEA6745E75DB}.Release|Any CPU.ActiveCfg = Release|Any CPU
		{044981CB-C231-428B-901B-BEA6745E75DB}.Release|Any CPU.Build.0 = Release|Any CPU
		{D33BD230-4A2C-4362-8C11-56FF63F61F09}.Debug|Any CPU.ActiveCfg = Debug|Any CPU
		{D33BD230-4A2C-4362-8C11-56FF63F61F09}.Debug|Any CPU.Build.0 = Debug|Any CPU
		{D33BD230-4A2C-4362-8C11-56FF63F61F09}.Release|Any CPU.ActiveCfg = Release|Any CPU
		{D33BD230-4A2C-4362-8C11-56FF63F61F09}.Release|Any CPU.Build.0 = Release|Any CPU
		{30489C43-A5C4-4082-B28B-A0B9CE5FACB8}.Debug|Any CPU.ActiveCfg = Debug|Any CPU
		{30489C43-A5C4-4082-B28B-A0B9CE5FACB8}.Debug|Any CPU.Build.0 = Debug|Any CPU
		{30489C43-A5C4-4082-B28B-A0B9CE5FACB8}.Release|Any CPU.ActiveCfg = Release|Any CPU
		{30489C43-A5C4-4082-B28B-A0B9CE5FACB8}.Release|Any CPU.Build.0 = Release|Any CPU
		{D6E6E3F9-9C07-45F6-A4C1-24D61F853E05}.Debug|Any CPU.ActiveCfg = Debug|Any CPU
		{D6E6E3F9-9C07-45F6-A4C1-24D61F853E05}.Debug|Any CPU.Build.0 = Debug|Any CPU
		{D6E6E3F9-9C07-45F6-A4C1-24D61F853E05}.Release|Any CPU.ActiveCfg = Release|Any CPU
		{D6E6E3F9-9C07-45F6-A4C1-24D61F853E05}.Release|Any CPU.Build.0 = Release|Any CPU
		{919F4D12-A01B-4C18-8BD9-EC4EF10F0D85}.Debug|Any CPU.ActiveCfg = Debug|Any CPU
		{919F4D12-A01B-4C18-8BD9-EC4EF10F0D85}.Debug|Any CPU.Build.0 = Debug|Any CPU
		{919F4D12-A01B-4C18-8BD9-EC4EF10F0D85}.Release|Any CPU.ActiveCfg = Release|Any CPU
		{919F4D12-A01B-4C18-8BD9-EC4EF10F0D85}.Release|Any CPU.Build.0 = Release|Any CPU
		{18D26FBB-92C0-4F00-B7B1-7FE5E10BC7E9}.Debug|Any CPU.ActiveCfg = Debug|Any CPU
		{18D26FBB-92C0-4F00-B7B1-7FE5E10BC7E9}.Debug|Any CPU.Build.0 = Debug|Any CPU
		{18D26FBB-92C0-4F00-B7B1-7FE5E10BC7E9}.Release|Any CPU.ActiveCfg = Release|Any CPU
		{18D26FBB-92C0-4F00-B7B1-7FE5E10BC7E9}.Release|Any CPU.Build.0 = Release|Any CPU
		{FE1A6133-94D1-4357-8E72-CF1869E2EFDF}.Debug|Any CPU.ActiveCfg = Debug|Any CPU
		{FE1A6133-94D1-4357-8E72-CF1869E2EFDF}.Debug|Any CPU.Build.0 = Debug|Any CPU
		{FE1A6133-94D1-4357-8E72-CF1869E2EFDF}.Release|Any CPU.ActiveCfg = Release|Any CPU
		{FE1A6133-94D1-4357-8E72-CF1869E2EFDF}.Release|Any CPU.Build.0 = Release|Any CPU
		{F28CE9BF-5055-4BF7-BE48-3F083AC0CA5A}.Debug|Any CPU.ActiveCfg = Debug|Any CPU
		{F28CE9BF-5055-4BF7-BE48-3F083AC0CA5A}.Debug|Any CPU.Build.0 = Debug|Any CPU
		{F28CE9BF-5055-4BF7-BE48-3F083AC0CA5A}.Release|Any CPU.ActiveCfg = Release|Any CPU
		{F28CE9BF-5055-4BF7-BE48-3F083AC0CA5A}.Release|Any CPU.Build.0 = Release|Any CPU
		{280C7F7E-EB57-4A88-B2E5-A07D71ECF8CD}.Debug|Any CPU.ActiveCfg = Debug|Any CPU
		{280C7F7E-EB57-4A88-B2E5-A07D71ECF8CD}.Debug|Any CPU.Build.0 = Debug|Any CPU
		{280C7F7E-EB57-4A88-B2E5-A07D71ECF8CD}.Release|Any CPU.ActiveCfg = Release|Any CPU
		{280C7F7E-EB57-4A88-B2E5-A07D71ECF8CD}.Release|Any CPU.Build.0 = Release|Any CPU
		{50975992-4CB9-4877-8B0B-7B84EC88021D}.Debug|Any CPU.ActiveCfg = Debug|Any CPU
		{50975992-4CB9-4877-8B0B-7B84EC88021D}.Debug|Any CPU.Build.0 = Debug|Any CPU
		{50975992-4CB9-4877-8B0B-7B84EC88021D}.Release|Any CPU.ActiveCfg = Release|Any CPU
		{50975992-4CB9-4877-8B0B-7B84EC88021D}.Release|Any CPU.Build.0 = Release|Any CPU
		{FE45E799-BE4F-4701-96C3-88B13F391284}.Debug|Any CPU.ActiveCfg = Debug|Any CPU
		{FE45E799-BE4F-4701-96C3-88B13F391284}.Debug|Any CPU.Build.0 = Debug|Any CPU
		{FE45E799-BE4F-4701-96C3-88B13F391284}.Release|Any CPU.ActiveCfg = Release|Any CPU
		{FE45E799-BE4F-4701-96C3-88B13F391284}.Release|Any CPU.Build.0 = Release|Any CPU
		{DE3CF485-0B6A-426C-8BCE-5C910CD67594}.Debug|Any CPU.ActiveCfg = Debug|Any CPU
		{DE3CF485-0B6A-426C-8BCE-5C910CD67594}.Debug|Any CPU.Build.0 = Debug|Any CPU
		{DE3CF485-0B6A-426C-8BCE-5C910CD67594}.Release|Any CPU.ActiveCfg = Release|Any CPU
		{DE3CF485-0B6A-426C-8BCE-5C910CD67594}.Release|Any CPU.Build.0 = Release|Any CPU
		{5B83A981-96E3-450D-83DC-1039C99B6EBE}.Debug|Any CPU.ActiveCfg = Debug|Any CPU
		{5B83A981-96E3-450D-83DC-1039C99B6EBE}.Debug|Any CPU.Build.0 = Debug|Any CPU
		{5B83A981-96E3-450D-83DC-1039C99B6EBE}.Release|Any CPU.ActiveCfg = Release|Any CPU
		{5B83A981-96E3-450D-83DC-1039C99B6EBE}.Release|Any CPU.Build.0 = Release|Any CPU
		{97310AE0-EBA3-449C-B637-946AC7BD7AC5}.Debug|Any CPU.ActiveCfg = Debug|Any CPU
		{97310AE0-EBA3-449C-B637-946AC7BD7AC5}.Debug|Any CPU.Build.0 = Debug|Any CPU
		{97310AE0-EBA3-449C-B637-946AC7BD7AC5}.Release|Any CPU.ActiveCfg = Release|Any CPU
		{97310AE0-EBA3-449C-B637-946AC7BD7AC5}.Release|Any CPU.Build.0 = Release|Any CPU
		{9E3FB077-7B22-42C2-83A2-BA551CE4F46B}.Debug|Any CPU.ActiveCfg = Debug|Any CPU
		{9E3FB077-7B22-42C2-83A2-BA551CE4F46B}.Debug|Any CPU.Build.0 = Debug|Any CPU
		{9E3FB077-7B22-42C2-83A2-BA551CE4F46B}.Release|Any CPU.ActiveCfg = Release|Any CPU
		{9E3FB077-7B22-42C2-83A2-BA551CE4F46B}.Release|Any CPU.Build.0 = Release|Any CPU
		{87B9331D-E2F1-4187-8718-98F5392C7CB7}.Debug|Any CPU.ActiveCfg = Debug|Any CPU
		{87B9331D-E2F1-4187-8718-98F5392C7CB7}.Debug|Any CPU.Build.0 = Debug|Any CPU
		{87B9331D-E2F1-4187-8718-98F5392C7CB7}.Release|Any CPU.ActiveCfg = Release|Any CPU
		{87B9331D-E2F1-4187-8718-98F5392C7CB7}.Release|Any CPU.Build.0 = Release|Any CPU
		{C2AB1359-2E42-4770-8253-D148E761B345}.Debug|Any CPU.ActiveCfg = Debug|Any CPU
		{C2AB1359-2E42-4770-8253-D148E761B345}.Debug|Any CPU.Build.0 = Debug|Any CPU
		{C2AB1359-2E42-4770-8253-D148E761B345}.Release|Any CPU.ActiveCfg = Release|Any CPU
		{C2AB1359-2E42-4770-8253-D148E761B345}.Release|Any CPU.Build.0 = Release|Any CPU
		{D60884F2-C576-48FD-A631-8CA3B8E66BB9}.Debug|Any CPU.ActiveCfg = Debug|Any CPU
		{D60884F2-C576-48FD-A631-8CA3B8E66BB9}.Debug|Any CPU.Build.0 = Debug|Any CPU
		{D60884F2-C576-48FD-A631-8CA3B8E66BB9}.Release|Any CPU.ActiveCfg = Release|Any CPU
		{D60884F2-C576-48FD-A631-8CA3B8E66BB9}.Release|Any CPU.Build.0 = Release|Any CPU
	EndGlobalSection
	GlobalSection(SolutionProperties) = preSolution
		HideSolutionNode = FALSE
	EndGlobalSection
	GlobalSection(NestedProjects) = preSolution
		{91D3003B-7E65-4EAF-8EE1-DA43832E7A9C} = {A742AD7D-34D4-4CA2-A381-AF4E8CEC439B}
		{3F8CF2C1-EA37-444F-8693-A3A00B1131D2} = {A742AD7D-34D4-4CA2-A381-AF4E8CEC439B}
		{18557B38-6101-4D85-887F-8B73D67D785D} = {38B2DE66-B368-4274-A9EE-ACC23B38A636}
		{2E43C7AD-16E8-43C1-9E56-04C46CFAB67D} = {38B2DE66-B368-4274-A9EE-ACC23B38A636}
		{C1721433-D146-4D7D-849F-AE67902DB5B1} = {38B2DE66-B368-4274-A9EE-ACC23B38A636}
		{C16E3221-1F74-4BBA-8B76-EA2D662A947E} = {38B2DE66-B368-4274-A9EE-ACC23B38A636}
		{E1EA42B0-941F-4FD6-88D0-41C1415C560F} = {38B2DE66-B368-4274-A9EE-ACC23B38A636}
		{55ABE756-3370-4B31-9765-2422433D0196} = {38B2DE66-B368-4274-A9EE-ACC23B38A636}
		{19C05E80-3FB8-454B-985B-C502388074FE} = {38B2DE66-B368-4274-A9EE-ACC23B38A636}
		{863BBD9E-3083-4102-A77F-825BDE894971} = {38B2DE66-B368-4274-A9EE-ACC23B38A636}
		{044981CB-C231-428B-901B-BEA6745E75DB} = {38B2DE66-B368-4274-A9EE-ACC23B38A636}
		{D33BD230-4A2C-4362-8C11-56FF63F61F09} = {38B2DE66-B368-4274-A9EE-ACC23B38A636}
		{30489C43-A5C4-4082-B28B-A0B9CE5FACB8} = {38B2DE66-B368-4274-A9EE-ACC23B38A636}
		{D6E6E3F9-9C07-45F6-A4C1-24D61F853E05} = {38B2DE66-B368-4274-A9EE-ACC23B38A636}
		{919F4D12-A01B-4C18-8BD9-EC4EF10F0D85} = {38B2DE66-B368-4274-A9EE-ACC23B38A636}
		{18D26FBB-92C0-4F00-B7B1-7FE5E10BC7E9} = {38B2DE66-B368-4274-A9EE-ACC23B38A636}
		{F28CE9BF-5055-4BF7-BE48-3F083AC0CA5A} = {38B2DE66-B368-4274-A9EE-ACC23B38A636}
		{280C7F7E-EB57-4A88-B2E5-A07D71ECF8CD} = {38B2DE66-B368-4274-A9EE-ACC23B38A636}
		{50975992-4CB9-4877-8B0B-7B84EC88021D} = {38B2DE66-B368-4274-A9EE-ACC23B38A636}
		{FE45E799-BE4F-4701-96C3-88B13F391284} = {38B2DE66-B368-4274-A9EE-ACC23B38A636}
		{DE3CF485-0B6A-426C-8BCE-5C910CD67594} = {38B2DE66-B368-4274-A9EE-ACC23B38A636}
		{5B83A981-96E3-450D-83DC-1039C99B6EBE} = {38B2DE66-B368-4274-A9EE-ACC23B38A636}
		{97310AE0-EBA3-449C-B637-946AC7BD7AC5} = {38B2DE66-B368-4274-A9EE-ACC23B38A636}
		{9E3FB077-7B22-42C2-83A2-BA551CE4F46B} = {21DD8582-2528-4711-80CC-2F16A1367313}
		{87B9331D-E2F1-4187-8718-98F5392C7CB7} = {21DD8582-2528-4711-80CC-2F16A1367313}
		{C2AB1359-2E42-4770-8253-D148E761B345} = {38B2DE66-B368-4274-A9EE-ACC23B38A636}
		{D60884F2-C576-48FD-A631-8CA3B8E66BB9} = {21DD8582-2528-4711-80CC-2F16A1367313}
	EndGlobalSection
	GlobalSection(MonoDevelopProperties) = preSolution
		Policies = $0
		$0.DotNetNamingPolicy = $1
		$1.DirectoryNamespaceAssociation = Hierarchical
		$1.ResourceNamePolicy = FileFormatDefault
		$0.TextStylePolicy = $2
		$2.FileWidth = 120
		$2.inheritsSet = VisualStudio
		$2.inheritsScope = text/plain
		$2.scope = text/x-csharp
		$0.CSharpFormattingPolicy = $3
		$3.IndentSwitchBody = True
		$3.IndentBlocksInsideExpressions = True
		$3.AnonymousMethodBraceStyle = NextLine
		$3.PropertyBraceStyle = NextLine
		$3.PropertyGetBraceStyle = NextLine
		$3.PropertySetBraceStyle = NextLine
		$3.EventBraceStyle = NextLine
		$3.EventAddBraceStyle = NextLine
		$3.EventRemoveBraceStyle = NextLine
		$3.StatementBraceStyle = NextLine
		$3.ElseNewLinePlacement = NewLine
		$3.CatchNewLinePlacement = NewLine
		$3.FinallyNewLinePlacement = NewLine
		$3.WhileNewLinePlacement = DoNotCare
		$3.ArrayInitializerWrapping = DoNotChange
		$3.ArrayInitializerBraceStyle = NextLine
		$3.BeforeMethodDeclarationParentheses = False
		$3.BeforeMethodCallParentheses = False
		$3.BeforeConstructorDeclarationParentheses = False
		$3.NewLineBeforeConstructorInitializerColon = NewLine
		$3.NewLineAfterConstructorInitializerColon = SameLine
		$3.BeforeDelegateDeclarationParentheses = False
		$3.NewParentheses = False
		$3.SpacesBeforeBrackets = False
		$3.inheritsSet = Mono
		$3.inheritsScope = text/x-csharp
		$3.scope = text/x-csharp
	EndGlobalSection
EndGlobal
